// !$*UTF8*$!
{
	archiveVersion = 1;
	classes = {
	};
	objectVersion = 46;
	objects = {

/* Begin PBXBuildFile section */
		298F8D1D15780FA2004D11A4 /* Utilities.m in Sources */ = {isa = PBXBuildFile; fileRef = 298F8D1C15780FA2004D11A4 /* Utilities.m */; };
		29914F181575350C0029D170 /* MessageUI.framework in Frameworks */ = {isa = PBXBuildFile; fileRef = 29914F171575350C0029D170 /* MessageUI.framework */; };
		29960C8115740F2D0054347A /* UIColor+Utils.m in Sources */ = {isa = PBXBuildFile; fileRef = 29960C8015740F2D0054347A /* UIColor+Utils.m */; };
		29960C8A157413020054347A /* QuartzCore.framework in Frameworks */ = {isa = PBXBuildFile; fileRef = 29960C89157413010054347A /* QuartzCore.framework */; };
		29E326D3157556920013399B /* Icon.png in Resources */ = {isa = PBXBuildFile; fileRef = 29E326C1157556920013399B /* Icon.png */; };
		29E326D4157556920013399B /* Icon@2x.png in Resources */ = {isa = PBXBuildFile; fileRef = 29E326C2157556920013399B /* Icon@2x.png */; };
		29E326D5157556920013399B /* Default.png in Resources */ = {isa = PBXBuildFile; fileRef = 29E326C3157556920013399B /* Default.png */; };
		29E326D6157556920013399B /* Default@2x.png in Resources */ = {isa = PBXBuildFile; fileRef = 29E326C4157556920013399B /* Default@2x.png */; };
		29FC4914156EE0CD0007BBAD /* UIKit.framework in Frameworks */ = {isa = PBXBuildFile; fileRef = 29FC4913156EE0CD0007BBAD /* UIKit.framework */; };
		29FC4916156EE0CD0007BBAD /* Foundation.framework in Frameworks */ = {isa = PBXBuildFile; fileRef = 29FC4915156EE0CD0007BBAD /* Foundation.framework */; };
		29FC4918156EE0CD0007BBAD /* CoreGraphics.framework in Frameworks */ = {isa = PBXBuildFile; fileRef = 29FC4917156EE0CD0007BBAD /* CoreGraphics.framework */; };
		29FC491E156EE0CD0007BBAD /* InfoPlist.strings in Resources */ = {isa = PBXBuildFile; fileRef = 29FC491C156EE0CD0007BBAD /* InfoPlist.strings */; };
		29FC4920156EE0CD0007BBAD /* main.m in Sources */ = {isa = PBXBuildFile; fileRef = 29FC491F156EE0CD0007BBAD /* main.m */; };
		29FC4924156EE0CD0007BBAD /* AppDelegate.m in Sources */ = {isa = PBXBuildFile; fileRef = 29FC4923156EE0CD0007BBAD /* AppDelegate.m */; };
		379E97D81678EE650051218D /* menu-icon-grey.png in Resources */ = {isa = PBXBuildFile; fileRef = 379E97D61678EE650051218D /* menu-icon-grey.png */; };
		379E97D91678EE650051218D /* menu-icon-grey@2x.png in Resources */ = {isa = PBXBuildFile; fileRef = 379E97D71678EE650051218D /* menu-icon-grey@2x.png */; };
		379E97DD1678EE710051218D /* menu-icon-white.png in Resources */ = {isa = PBXBuildFile; fileRef = 379E97DB1678EE710051218D /* menu-icon-white.png */; };
		379E97DE1678EE710051218D /* menu-icon-white@2x.png in Resources */ = {isa = PBXBuildFile; fileRef = 379E97DC1678EE710051218D /* menu-icon-white@2x.png */; };
		3F1FF28A17A048BD00213F2F /* NTDWalkthrough.m in Sources */ = {isa = PBXBuildFile; fileRef = 3F1FF28917A048BD00213F2F /* NTDWalkthrough.m */; };
		3F1FF28D17A06A6500213F2F /* NTDWalkthroughViewController.m in Sources */ = {isa = PBXBuildFile; fileRef = 3F1FF28C17A06A6500213F2F /* NTDWalkthroughViewController.m */; };
		3F1FF29617A0727100213F2F /* NTDWalkthroughGestureIndicatorView.m in Sources */ = {isa = PBXBuildFile; fileRef = 3F1FF29517A0727100213F2F /* NTDWalkthroughGestureIndicatorView.m */; };
		3F1FF29917A0968B00213F2F /* NTDCollectionViewController+Walkthrough.m in Sources */ = {isa = PBXBuildFile; fileRef = 3F1FF29817A0968B00213F2F /* NTDCollectionViewController+Walkthrough.m */; };
		3F27A0D618B41E9100734CDD /* NTDCoreDataStore.m in Sources */ = {isa = PBXBuildFile; fileRef = 3F9D3F1D179491A800EA183D /* NTDCoreDataStore.m */; };
		3F27A0D818B41E9100734CDD /* NTDNoteDocument.m in Sources */ = {isa = PBXBuildFile; fileRef = 3F9D3F121790B16B00EA183D /* NTDNoteDocument.m */; };
		3F27A0DA18B41E9100734CDD /* NTDNoteMetadata.m in Sources */ = {isa = PBXBuildFile; fileRef = 3F9D3F221794A8E000EA183D /* NTDNoteMetadata.m */; };
		3F27A0DB18B41E9100734CDD /* NTDNoteMetadata.xcdatamodeld in Sources */ = {isa = PBXBuildFile; fileRef = 3F9D3F151790BC8700EA183D /* NTDNoteMetadata.xcdatamodeld */; };
		3F27A0DD18B41E9100734CDD /* NTDNote.m in Sources */ = {isa = PBXBuildFile; fileRef = 3F9D3F0F1790925100EA183D /* NTDNote.m */; };
		3F27A0DF18B41E9100734CDD /* NTDDeletedNotePlaceholder.m in Sources */ = {isa = PBXBuildFile; fileRef = F3EA4F2D188349F40077AD44 /* NTDDeletedNotePlaceholder.m */; };
		3F27A0E118B41E9100734CDD /* NTDTheme.m in Sources */ = {isa = PBXBuildFile; fileRef = B52114DA171CA800007670F3 /* NTDTheme.m */; };
		3F27A0E218B41E9A00734CDD /* CoreData.framework in Frameworks */ = {isa = PBXBuildFile; fileRef = 3F9D3F1F179494B600EA183D /* CoreData.framework */; };
		3F27A0E318B41FBC00734CDD /* Crashlytics.framework in Frameworks */ = {isa = PBXBuildFile; fileRef = 3F73F7E917985D5200EEE802 /* Crashlytics.framework */; };
		3F47D97117A2F6F000DBFB0E /* NTDWalkthroughModalView.m in Sources */ = {isa = PBXBuildFile; fileRef = 3F47D97017A2F6F000DBFB0E /* NTDWalkthroughModalView.m */; };
		3F4E224618A98F7B00EEC7E8 /* AVFoundation.framework in Frameworks */ = {isa = PBXBuildFile; fileRef = 3F4E224518A98F7B00EEC7E8 /* AVFoundation.framework */; };
		3F4E224E18A9973800EEC7E8 /* ShakeToUndoAnimation.mov in Resources */ = {isa = PBXBuildFile; fileRef = 3F4E224D18A9973800EEC7E8 /* ShakeToUndoAnimation.mov */; };
		3F4E225018A99CCF00EEC7E8 /* CoreMedia.framework in Frameworks */ = {isa = PBXBuildFile; fileRef = 3F4E224F18A99CCF00EEC7E8 /* CoreMedia.framework */; };
		3F59DC1F179DCCEB009FF719 /* MobileCoreServices.framework in Frameworks */ = {isa = PBXBuildFile; fileRef = 3F59DC1E179DCCEB009FF719 /* MobileCoreServices.framework */; };
		3F73710118AECD5F0092694E /* XCTest.framework in Frameworks */ = {isa = PBXBuildFile; fileRef = 3F73710018AECD5F0092694E /* XCTest.framework */; };
		3F73710218AECD600092694E /* Foundation.framework in Frameworks */ = {isa = PBXBuildFile; fileRef = 29FC4915156EE0CD0007BBAD /* Foundation.framework */; };
		3F73710318AECD600092694E /* UIKit.framework in Frameworks */ = {isa = PBXBuildFile; fileRef = 29FC4913156EE0CD0007BBAD /* UIKit.framework */; };
		3F73710918AECD600092694E /* InfoPlist.strings in Resources */ = {isa = PBXBuildFile; fileRef = 3F73710718AECD600092694E /* InfoPlist.strings */; };
		3F73710B18AECD600092694E /* NotedTests.m in Sources */ = {isa = PBXBuildFile; fileRef = 3F73710A18AECD600092694E /* NotedTests.m */; };
		3F73F7EA17985D5200EEE802 /* Crashlytics.framework in Frameworks */ = {isa = PBXBuildFile; fileRef = 3F73F7E917985D5200EEE802 /* Crashlytics.framework */; };
		3F959404189B0E4700C86F93 /* Icon-60@2x.dev.png in Resources */ = {isa = PBXBuildFile; fileRef = 3F959401189B0E4700C86F93 /* Icon-60@2x.dev.png */; };
		3F959405189B0E4700C86F93 /* Icon.dev.png in Resources */ = {isa = PBXBuildFile; fileRef = 3F959402189B0E4700C86F93 /* Icon.dev.png */; };
		3F959406189B0E4700C86F93 /* Icon@2x.dev.png in Resources */ = {isa = PBXBuildFile; fileRef = 3F959403189B0E4700C86F93 /* Icon@2x.dev.png */; };
		3F98D5CA17E90DAA00693202 /* UICollectionView+NTDFixDisappearingCellBug.m in Sources */ = {isa = PBXBuildFile; fileRef = 3F98D5C917E90DAA00693202 /* UICollectionView+NTDFixDisappearingCellBug.m */; };
		3F98D5CD17EA53B500693202 /* NTDTextView.m in Sources */ = {isa = PBXBuildFile; fileRef = 3F98D5CC17EA53B500693202 /* NTDTextView.m */; };
		3F9D3F101790925100EA183D /* NTDNote.m in Sources */ = {isa = PBXBuildFile; fileRef = 3F9D3F0F1790925100EA183D /* NTDNote.m */; };
		3F9D3F131790B16C00EA183D /* NTDNoteDocument.m in Sources */ = {isa = PBXBuildFile; fileRef = 3F9D3F121790B16B00EA183D /* NTDNoteDocument.m */; };
		3F9D3F171790BC8700EA183D /* NTDNoteMetadata.xcdatamodeld in Sources */ = {isa = PBXBuildFile; fileRef = 3F9D3F151790BC8700EA183D /* NTDNoteMetadata.xcdatamodeld */; };
		3F9D3F1E179491A900EA183D /* NTDCoreDataStore.m in Sources */ = {isa = PBXBuildFile; fileRef = 3F9D3F1D179491A800EA183D /* NTDCoreDataStore.m */; };
		3F9D3F20179494B600EA183D /* CoreData.framework in Frameworks */ = {isa = PBXBuildFile; fileRef = 3F9D3F1F179494B600EA183D /* CoreData.framework */; };
		3F9D3F231794A8E100EA183D /* NTDNoteMetadata.m in Sources */ = {isa = PBXBuildFile; fileRef = 3F9D3F221794A8E000EA183D /* NTDNoteMetadata.m */; };
		3FB8976717B1A5EB004D0DC3 /* NTDReplicatorView.m in Sources */ = {isa = PBXBuildFile; fileRef = 3FB8976617B1A5EA004D0DC3 /* NTDReplicatorView.m */; };
		3FC8308F1861FB50001C141C /* NTDModalView.m in Sources */ = {isa = PBXBuildFile; fileRef = 3FC8308E1861FB50001C141C /* NTDModalView.m */; };
		3FC830941862209D001C141C /* NTDDropboxManager.m in Sources */ = {isa = PBXBuildFile; fileRef = 3FC830931862209D001C141C /* NTDDropboxManager.m */; };
		3FC8309718623E61001C141C /* NTDDropboxNote.m in Sources */ = {isa = PBXBuildFile; fileRef = 3FC8309618623E61001C141C /* NTDDropboxNote.m */; };
		3FC8309A18623FBF001C141C /* NTDNote+ImplUtils.m in Sources */ = {isa = PBXBuildFile; fileRef = 3FC8309918623FBF001C141C /* NTDNote+ImplUtils.m */; };
		3FCBCFCE17C5596D0064ECB3 /* Icon-60@2x.png in Resources */ = {isa = PBXBuildFile; fileRef = 3FCBCFCD17C5596D0064ECB3 /* Icon-60@2x.png */; };
		964640C3164B289F0006A7CB /* Default-568h@2x.png in Resources */ = {isa = PBXBuildFile; fileRef = 964640C2164B289F0006A7CB /* Default-568h@2x.png */; };
		9C53A0360BDA46B5B8544B1C /* libPods-NotedTests.a in Frameworks */ = {isa = PBXBuildFile; fileRef = 49647001D63E48259E02462C /* libPods-NotedTests.a */; };
		A68AE94E4A7A4987B113B21F /* libPods.a in Frameworks */ = {isa = PBXBuildFile; fileRef = BB62BC5EED29406FBB1BE6A4 /* libPods.a */; };
		B52114DB171CA800007670F3 /* NTDTheme.m in Sources */ = {isa = PBXBuildFile; fileRef = B52114DA171CA800007670F3 /* NTDTheme.m */; };
		B52114DE171DCF9F007670F3 /* NTDPagingCollectionViewLayout.m in Sources */ = {isa = PBXBuildFile; fileRef = B52114DD171DCF9F007670F3 /* NTDPagingCollectionViewLayout.m */; };
		B5961BC3161E3581001F02F0 /* Social.framework in Frameworks */ = {isa = PBXBuildFile; fileRef = B5961BC2161E3581001F02F0 /* Social.framework */; };
		B59655861610C24C00A9CBD6 /* DAKeyboardControl.m in Sources */ = {isa = PBXBuildFile; fileRef = B59655851610C24C00A9CBD6 /* DAKeyboardControl.m */; };
		B5A2B0D0171A30EB00AF2BB8 /* NTDCollectionViewLayoutAttributes.m in Sources */ = {isa = PBXBuildFile; fileRef = B5A2B0CF171A30EB00AF2BB8 /* NTDCollectionViewLayoutAttributes.m */; };
		B5D5F243171888AC008C60EE /* NTDCollectionViewCell.m in Sources */ = {isa = PBXBuildFile; fileRef = B5D5F23D17188840008C60EE /* NTDCollectionViewCell.m */; };
		B5D5F244171888B0008C60EE /* NTDCollectionViewController.m in Sources */ = {isa = PBXBuildFile; fileRef = B5D5F24017188840008C60EE /* NTDCollectionViewController.m */; };
		B5D5F245171888B3008C60EE /* NTDListCollectionViewLayout.m in Sources */ = {isa = PBXBuildFile; fileRef = B5D5F24217188840008C60EE /* NTDListCollectionViewLayout.m */; };
		B5D5F246171888C7008C60EE /* NTDCollectionViewCell.xib in Resources */ = {isa = PBXBuildFile; fileRef = B5D5F23E17188840008C60EE /* NTDCollectionViewCell.xib */; };
		B5D751F61730361A00CFEB92 /* NSIndexPath+NTDManipulation.m in Sources */ = {isa = PBXBuildFile; fileRef = B5D751F51730361A00CFEB92 /* NSIndexPath+NTDManipulation.m */; };
		CF3D464B17B177FD00178DF0 /* UIViewController+NTDToast.m in Sources */ = {isa = PBXBuildFile; fileRef = CF3D464A17B177FD00178DF0 /* UIViewController+NTDToast.m */; };
		CF8ECF9D178213C20062705D /* NTDCollectionViewController+Shredding.m in Sources */ = {isa = PBXBuildFile; fileRef = CF8ECF9C178213C20062705D /* NTDCollectionViewController+Shredding.m */; };
		CFAF5CBC178DBDAF00187C79 /* NTDOptionsViewController.m in Sources */ = {isa = PBXBuildFile; fileRef = CFAF5CBA178DBDAF00187C79 /* NTDOptionsViewController.m */; };
		CFAF5CBD178DBDAF00187C79 /* NTDOptionsViewController.xib in Resources */ = {isa = PBXBuildFile; fileRef = CFAF5CBB178DBDAF00187C79 /* NTDOptionsViewController.xib */; };
		CFAF5CC1178E04ED00187C79 /* CFNetwork.framework in Frameworks */ = {isa = PBXBuildFile; fileRef = CFAF5CC0178E04ED00187C79 /* CFNetwork.framework */; };
		F349FB50187DC29300B3768B /* NTDCollectionViewController+ShakeToUndoDelete.m in Sources */ = {isa = PBXBuildFile; fileRef = F349FB4F187DC29300B3768B /* NTDCollectionViewController+ShakeToUndoDelete.m */; };
		F3EA4F2E188349F40077AD44 /* NTDDeletedNotePlaceholder.m in Sources */ = {isa = PBXBuildFile; fileRef = F3EA4F2D188349F40077AD44 /* NTDDeletedNotePlaceholder.m */; };
		F3F5579B177E05650003E152 /* UIDeviceHardware.m in Sources */ = {isa = PBXBuildFile; fileRef = F3F5579A177E05650003E152 /* UIDeviceHardware.m */; };
/* End PBXBuildFile section */

/* Begin PBXContainerItemProxy section */
		3F73710D18AECD600092694E /* PBXContainerItemProxy */ = {
			isa = PBXContainerItemProxy;
			containerPortal = 29FC4906156EE0CD0007BBAD /* Project object */;
			proxyType = 1;
			remoteGlobalIDString = 29FC490E156EE0CD0007BBAD;
			remoteInfo = Noted;
		};
/* End PBXContainerItemProxy section */

/* Begin PBXFileReference section */
		298F8D1B15780FA2004D11A4 /* Utilities.h */ = {isa = PBXFileReference; fileEncoding = 4; lastKnownFileType = sourcecode.c.h; name = Utilities.h; path = Noted/Utilities.h; sourceTree = "<group>"; };
		298F8D1C15780FA2004D11A4 /* Utilities.m */ = {isa = PBXFileReference; fileEncoding = 4; lastKnownFileType = sourcecode.c.objc; name = Utilities.m; path = Noted/Utilities.m; sourceTree = "<group>"; };
		29914F171575350C0029D170 /* MessageUI.framework */ = {isa = PBXFileReference; lastKnownFileType = wrapper.framework; name = MessageUI.framework; path = System/Library/Frameworks/MessageUI.framework; sourceTree = SDKROOT; };
		29960C7F15740F2D0054347A /* UIColor+Utils.h */ = {isa = PBXFileReference; fileEncoding = 4; lastKnownFileType = sourcecode.c.h; name = "UIColor+Utils.h"; path = "Noted/UIColor+Utils.h"; sourceTree = "<group>"; };
		29960C8015740F2D0054347A /* UIColor+Utils.m */ = {isa = PBXFileReference; fileEncoding = 4; lastKnownFileType = sourcecode.c.objc; name = "UIColor+Utils.m"; path = "Noted/UIColor+Utils.m"; sourceTree = "<group>"; };
		29960C89157413010054347A /* QuartzCore.framework */ = {isa = PBXFileReference; lastKnownFileType = wrapper.framework; name = QuartzCore.framework; path = System/Library/Frameworks/QuartzCore.framework; sourceTree = SDKROOT; };
		29E326C1157556920013399B /* Icon.png */ = {isa = PBXFileReference; lastKnownFileType = image.png; path = Icon.png; sourceTree = "<group>"; };
		29E326C2157556920013399B /* Icon@2x.png */ = {isa = PBXFileReference; lastKnownFileType = image.png; path = "Icon@2x.png"; sourceTree = "<group>"; };
		29E326C3157556920013399B /* Default.png */ = {isa = PBXFileReference; lastKnownFileType = image.png; path = Default.png; sourceTree = "<group>"; };
		29E326C4157556920013399B /* Default@2x.png */ = {isa = PBXFileReference; lastKnownFileType = image.png; path = "Default@2x.png"; sourceTree = "<group>"; };
		29FC490F156EE0CD0007BBAD /* Noted.app */ = {isa = PBXFileReference; explicitFileType = wrapper.application; includeInIndex = 0; path = Noted.app; sourceTree = BUILT_PRODUCTS_DIR; };
		29FC4913156EE0CD0007BBAD /* UIKit.framework */ = {isa = PBXFileReference; lastKnownFileType = wrapper.framework; name = UIKit.framework; path = System/Library/Frameworks/UIKit.framework; sourceTree = SDKROOT; };
		29FC4915156EE0CD0007BBAD /* Foundation.framework */ = {isa = PBXFileReference; lastKnownFileType = wrapper.framework; name = Foundation.framework; path = System/Library/Frameworks/Foundation.framework; sourceTree = SDKROOT; };
		29FC4917156EE0CD0007BBAD /* CoreGraphics.framework */ = {isa = PBXFileReference; lastKnownFileType = wrapper.framework; name = CoreGraphics.framework; path = System/Library/Frameworks/CoreGraphics.framework; sourceTree = SDKROOT; };
		29FC491B156EE0CD0007BBAD /* Noted-Info.plist */ = {isa = PBXFileReference; lastKnownFileType = text.plist.xml; path = "Noted-Info.plist"; sourceTree = "<group>"; };
		29FC491D156EE0CD0007BBAD /* en */ = {isa = PBXFileReference; lastKnownFileType = text.plist.strings; name = en; path = en.lproj/InfoPlist.strings; sourceTree = "<group>"; };
		29FC491F156EE0CD0007BBAD /* main.m */ = {isa = PBXFileReference; lastKnownFileType = sourcecode.c.objc; path = main.m; sourceTree = "<group>"; };
		29FC4921156EE0CD0007BBAD /* Noted-Prefix.pch */ = {isa = PBXFileReference; lastKnownFileType = sourcecode.c.h; path = "Noted-Prefix.pch"; sourceTree = "<group>"; };
		29FC4922156EE0CD0007BBAD /* AppDelegate.h */ = {isa = PBXFileReference; lastKnownFileType = sourcecode.c.h; path = AppDelegate.h; sourceTree = "<group>"; };
		29FC4923156EE0CD0007BBAD /* AppDelegate.m */ = {isa = PBXFileReference; lastKnownFileType = sourcecode.c.objc; path = AppDelegate.m; sourceTree = "<group>"; };
		379E97D61678EE650051218D /* menu-icon-grey.png */ = {isa = PBXFileReference; lastKnownFileType = image.png; path = "menu-icon-grey.png"; sourceTree = "<group>"; };
		379E97D71678EE650051218D /* menu-icon-grey@2x.png */ = {isa = PBXFileReference; lastKnownFileType = image.png; path = "menu-icon-grey@2x.png"; sourceTree = "<group>"; };
		379E97DB1678EE710051218D /* menu-icon-white.png */ = {isa = PBXFileReference; lastKnownFileType = image.png; path = "menu-icon-white.png"; sourceTree = "<group>"; };
		379E97DC1678EE710051218D /* menu-icon-white@2x.png */ = {isa = PBXFileReference; lastKnownFileType = image.png; path = "menu-icon-white@2x.png"; sourceTree = "<group>"; };
		3F1FF28817A048BD00213F2F /* NTDWalkthrough.h */ = {isa = PBXFileReference; fileEncoding = 4; lastKnownFileType = sourcecode.c.h; path = NTDWalkthrough.h; sourceTree = "<group>"; };
		3F1FF28917A048BD00213F2F /* NTDWalkthrough.m */ = {isa = PBXFileReference; fileEncoding = 4; lastKnownFileType = sourcecode.c.objc; path = NTDWalkthrough.m; sourceTree = "<group>"; };
		3F1FF28B17A06A6500213F2F /* NTDWalkthroughViewController.h */ = {isa = PBXFileReference; fileEncoding = 4; lastKnownFileType = sourcecode.c.h; path = NTDWalkthroughViewController.h; sourceTree = "<group>"; };
		3F1FF28C17A06A6500213F2F /* NTDWalkthroughViewController.m */ = {isa = PBXFileReference; fileEncoding = 4; lastKnownFileType = sourcecode.c.objc; path = NTDWalkthroughViewController.m; sourceTree = "<group>"; };
		3F1FF29417A0727100213F2F /* NTDWalkthroughGestureIndicatorView.h */ = {isa = PBXFileReference; fileEncoding = 4; lastKnownFileType = sourcecode.c.h; path = NTDWalkthroughGestureIndicatorView.h; sourceTree = "<group>"; };
		3F1FF29517A0727100213F2F /* NTDWalkthroughGestureIndicatorView.m */ = {isa = PBXFileReference; fileEncoding = 4; lastKnownFileType = sourcecode.c.objc; path = NTDWalkthroughGestureIndicatorView.m; sourceTree = "<group>"; };
		3F1FF29717A0968B00213F2F /* NTDCollectionViewController+Walkthrough.h */ = {isa = PBXFileReference; fileEncoding = 4; lastKnownFileType = sourcecode.c.h; path = "NTDCollectionViewController+Walkthrough.h"; sourceTree = "<group>"; };
		3F1FF29817A0968B00213F2F /* NTDCollectionViewController+Walkthrough.m */ = {isa = PBXFileReference; fileEncoding = 4; lastKnownFileType = sourcecode.c.objc; path = "NTDCollectionViewController+Walkthrough.m"; sourceTree = "<group>"; };
		3F47D96F17A2F6F000DBFB0E /* NTDWalkthroughModalView.h */ = {isa = PBXFileReference; fileEncoding = 4; lastKnownFileType = sourcecode.c.h; path = NTDWalkthroughModalView.h; sourceTree = "<group>"; };
		3F47D97017A2F6F000DBFB0E /* NTDWalkthroughModalView.m */ = {isa = PBXFileReference; fileEncoding = 4; lastKnownFileType = sourcecode.c.objc; path = NTDWalkthroughModalView.m; sourceTree = "<group>"; };
		3F4E224518A98F7B00EEC7E8 /* AVFoundation.framework */ = {isa = PBXFileReference; lastKnownFileType = wrapper.framework; name = AVFoundation.framework; path = System/Library/Frameworks/AVFoundation.framework; sourceTree = SDKROOT; };
		3F4E224D18A9973800EEC7E8 /* ShakeToUndoAnimation.mov */ = {isa = PBXFileReference; lastKnownFileType = video.quicktime; path = ShakeToUndoAnimation.mov; sourceTree = "<group>"; };
		3F4E224F18A99CCF00EEC7E8 /* CoreMedia.framework */ = {isa = PBXFileReference; lastKnownFileType = wrapper.framework; name = CoreMedia.framework; path = System/Library/Frameworks/CoreMedia.framework; sourceTree = SDKROOT; };
		3F59DC1E179DCCEB009FF719 /* MobileCoreServices.framework */ = {isa = PBXFileReference; lastKnownFileType = wrapper.framework; name = MobileCoreServices.framework; path = System/Library/Frameworks/MobileCoreServices.framework; sourceTree = SDKROOT; };
		3F7370FF18AECD5F0092694E /* NotedTests.xctest */ = {isa = PBXFileReference; explicitFileType = wrapper.cfbundle; includeInIndex = 0; path = NotedTests.xctest; sourceTree = BUILT_PRODUCTS_DIR; };
		3F73710018AECD5F0092694E /* XCTest.framework */ = {isa = PBXFileReference; lastKnownFileType = wrapper.framework; name = XCTest.framework; path = Library/Frameworks/XCTest.framework; sourceTree = DEVELOPER_DIR; };
		3F73710618AECD600092694E /* NotedTests-Info.plist */ = {isa = PBXFileReference; lastKnownFileType = text.plist.xml; path = "NotedTests-Info.plist"; sourceTree = "<group>"; };
		3F73710818AECD600092694E /* en */ = {isa = PBXFileReference; lastKnownFileType = text.plist.strings; name = en; path = en.lproj/InfoPlist.strings; sourceTree = "<group>"; };
		3F73710A18AECD600092694E /* NotedTests.m */ = {isa = PBXFileReference; lastKnownFileType = sourcecode.c.objc; path = NotedTests.m; sourceTree = "<group>"; };
		3F73710C18AECD600092694E /* NotedTests-Prefix.pch */ = {isa = PBXFileReference; lastKnownFileType = sourcecode.c.h; path = "NotedTests-Prefix.pch"; sourceTree = "<group>"; };
		3F73F7E517975BA700EEE802 /* Constants.h */ = {isa = PBXFileReference; fileEncoding = 4; lastKnownFileType = sourcecode.c.h; path = Constants.h; sourceTree = "<group>"; };
		3F73F7E917985D5200EEE802 /* Crashlytics.framework */ = {isa = PBXFileReference; lastKnownFileType = wrapper.framework; path = Crashlytics.framework; sourceTree = "<group>"; };
		3F959401189B0E4700C86F93 /* Icon-60@2x.dev.png */ = {isa = PBXFileReference; lastKnownFileType = image.png; path = "Icon-60@2x.dev.png"; sourceTree = "<group>"; };
		3F959402189B0E4700C86F93 /* Icon.dev.png */ = {isa = PBXFileReference; lastKnownFileType = image.png; path = Icon.dev.png; sourceTree = "<group>"; };
		3F959403189B0E4700C86F93 /* Icon@2x.dev.png */ = {isa = PBXFileReference; lastKnownFileType = image.png; path = "Icon@2x.dev.png"; sourceTree = "<group>"; };
		3F98D5C817E90DAA00693202 /* UICollectionView+NTDFixDisappearingCellBug.h */ = {isa = PBXFileReference; fileEncoding = 4; lastKnownFileType = sourcecode.c.h; path = "UICollectionView+NTDFixDisappearingCellBug.h"; sourceTree = "<group>"; };
		3F98D5C917E90DAA00693202 /* UICollectionView+NTDFixDisappearingCellBug.m */ = {isa = PBXFileReference; fileEncoding = 4; lastKnownFileType = sourcecode.c.objc; path = "UICollectionView+NTDFixDisappearingCellBug.m"; sourceTree = "<group>"; };
		3F98D5CB17EA53B500693202 /* NTDTextView.h */ = {isa = PBXFileReference; fileEncoding = 4; lastKnownFileType = sourcecode.c.h; path = NTDTextView.h; sourceTree = "<group>"; };
		3F98D5CC17EA53B500693202 /* NTDTextView.m */ = {isa = PBXFileReference; fileEncoding = 4; lastKnownFileType = sourcecode.c.objc; path = NTDTextView.m; sourceTree = "<group>"; };
		3F9D3F0E1790925100EA183D /* NTDNote.h */ = {isa = PBXFileReference; fileEncoding = 4; lastKnownFileType = sourcecode.c.h; path = NTDNote.h; sourceTree = "<group>"; };
		3F9D3F0F1790925100EA183D /* NTDNote.m */ = {isa = PBXFileReference; fileEncoding = 4; lastKnownFileType = sourcecode.c.objc; path = NTDNote.m; sourceTree = "<group>"; };
		3F9D3F111790B16B00EA183D /* NTDNoteDocument.h */ = {isa = PBXFileReference; fileEncoding = 4; lastKnownFileType = sourcecode.c.h; path = NTDNoteDocument.h; sourceTree = "<group>"; };
		3F9D3F121790B16B00EA183D /* NTDNoteDocument.m */ = {isa = PBXFileReference; fileEncoding = 4; lastKnownFileType = sourcecode.c.objc; path = NTDNoteDocument.m; sourceTree = "<group>"; };
		3F9D3F161790BC8700EA183D /* NTDNoteMetadata.xcdatamodel */ = {isa = PBXFileReference; lastKnownFileType = wrapper.xcdatamodel; path = NTDNoteMetadata.xcdatamodel; sourceTree = "<group>"; };
		3F9D3F1C179491A800EA183D /* NTDCoreDataStore.h */ = {isa = PBXFileReference; fileEncoding = 4; lastKnownFileType = sourcecode.c.h; path = NTDCoreDataStore.h; sourceTree = "<group>"; };
		3F9D3F1D179491A800EA183D /* NTDCoreDataStore.m */ = {isa = PBXFileReference; fileEncoding = 4; lastKnownFileType = sourcecode.c.objc; path = NTDCoreDataStore.m; sourceTree = "<group>"; };
		3F9D3F1F179494B600EA183D /* CoreData.framework */ = {isa = PBXFileReference; lastKnownFileType = wrapper.framework; name = CoreData.framework; path = System/Library/Frameworks/CoreData.framework; sourceTree = SDKROOT; };
		3F9D3F211794A8E000EA183D /* NTDNoteMetadata.h */ = {isa = PBXFileReference; fileEncoding = 4; lastKnownFileType = sourcecode.c.h; path = NTDNoteMetadata.h; sourceTree = "<group>"; };
		3F9D3F221794A8E000EA183D /* NTDNoteMetadata.m */ = {isa = PBXFileReference; fileEncoding = 4; lastKnownFileType = sourcecode.c.objc; path = NTDNoteMetadata.m; sourceTree = "<group>"; };
		3FB8976517B1A5EA004D0DC3 /* NTDReplicatorView.h */ = {isa = PBXFileReference; fileEncoding = 4; lastKnownFileType = sourcecode.c.h; path = NTDReplicatorView.h; sourceTree = "<group>"; };
		3FB8976617B1A5EA004D0DC3 /* NTDReplicatorView.m */ = {isa = PBXFileReference; fileEncoding = 4; lastKnownFileType = sourcecode.c.objc; path = NTDReplicatorView.m; sourceTree = "<group>"; };
		3FC8308D1861FB50001C141C /* NTDModalView.h */ = {isa = PBXFileReference; fileEncoding = 4; indentWidth = 4; lastKnownFileType = sourcecode.c.h; path = NTDModalView.h; sourceTree = "<group>"; tabWidth = 4; usesTabs = 0; wrapsLines = 1; };
		3FC8308E1861FB50001C141C /* NTDModalView.m */ = {isa = PBXFileReference; fileEncoding = 4; indentWidth = 4; lastKnownFileType = sourcecode.c.objc; path = NTDModalView.m; sourceTree = "<group>"; tabWidth = 4; usesTabs = 0; wrapsLines = 1; };
		3FC830921862209D001C141C /* NTDDropboxManager.h */ = {isa = PBXFileReference; fileEncoding = 4; lastKnownFileType = sourcecode.c.h; path = NTDDropboxManager.h; sourceTree = "<group>"; };
		3FC830931862209D001C141C /* NTDDropboxManager.m */ = {isa = PBXFileReference; fileEncoding = 4; lastKnownFileType = sourcecode.c.objc; path = NTDDropboxManager.m; sourceTree = "<group>"; };
		3FC8309518623E61001C141C /* NTDDropboxNote.h */ = {isa = PBXFileReference; fileEncoding = 4; lastKnownFileType = sourcecode.c.h; path = NTDDropboxNote.h; sourceTree = "<group>"; };
		3FC8309618623E61001C141C /* NTDDropboxNote.m */ = {isa = PBXFileReference; fileEncoding = 4; lastKnownFileType = sourcecode.c.objc; path = NTDDropboxNote.m; sourceTree = "<group>"; };
		3FC8309818623FBF001C141C /* NTDNote+ImplUtils.h */ = {isa = PBXFileReference; fileEncoding = 4; lastKnownFileType = sourcecode.c.h; path = "NTDNote+ImplUtils.h"; sourceTree = "<group>"; };
		3FC8309918623FBF001C141C /* NTDNote+ImplUtils.m */ = {isa = PBXFileReference; fileEncoding = 4; lastKnownFileType = sourcecode.c.objc; path = "NTDNote+ImplUtils.m"; sourceTree = "<group>"; };
		3FCBCFCD17C5596D0064ECB3 /* Icon-60@2x.png */ = {isa = PBXFileReference; lastKnownFileType = image.png; path = "Icon-60@2x.png"; sourceTree = "<group>"; };
		49647001D63E48259E02462C /* libPods-NotedTests.a */ = {isa = PBXFileReference; explicitFileType = archive.ar; includeInIndex = 0; path = "libPods-NotedTests.a"; sourceTree = BUILT_PRODUCTS_DIR; };
		56511FDB4151478DBAF18458 /* Pods.xcconfig */ = {isa = PBXFileReference; includeInIndex = 1; lastKnownFileType = text.xcconfig; name = Pods.xcconfig; path = Pods/Pods.xcconfig; sourceTree = SOURCE_ROOT; };
		964640C2164B289F0006A7CB /* Default-568h@2x.png */ = {isa = PBXFileReference; lastKnownFileType = image.png; path = "Default-568h@2x.png"; sourceTree = "<group>"; };
		B52114D9171CA800007670F3 /* NTDTheme.h */ = {isa = PBXFileReference; fileEncoding = 4; lastKnownFileType = sourcecode.c.h; path = NTDTheme.h; sourceTree = "<group>"; };
		B52114DA171CA800007670F3 /* NTDTheme.m */ = {isa = PBXFileReference; fileEncoding = 4; lastKnownFileType = sourcecode.c.objc; path = NTDTheme.m; sourceTree = "<group>"; };
		B52114DC171DCF9E007670F3 /* NTDPagingCollectionViewLayout.h */ = {isa = PBXFileReference; fileEncoding = 4; lastKnownFileType = sourcecode.c.h; path = NTDPagingCollectionViewLayout.h; sourceTree = "<group>"; };
		B52114DD171DCF9F007670F3 /* NTDPagingCollectionViewLayout.m */ = {isa = PBXFileReference; fileEncoding = 4; lastKnownFileType = sourcecode.c.objc; path = NTDPagingCollectionViewLayout.m; sourceTree = "<group>"; };
		B5961BC2161E3581001F02F0 /* Social.framework */ = {isa = PBXFileReference; lastKnownFileType = wrapper.framework; name = Social.framework; path = System/Library/Frameworks/Social.framework; sourceTree = SDKROOT; };
		B59655841610C24C00A9CBD6 /* DAKeyboardControl.h */ = {isa = PBXFileReference; fileEncoding = 4; lastKnownFileType = sourcecode.c.h; path = DAKeyboardControl.h; sourceTree = "<group>"; };
		B59655851610C24C00A9CBD6 /* DAKeyboardControl.m */ = {isa = PBXFileReference; fileEncoding = 4; lastKnownFileType = sourcecode.c.objc; path = DAKeyboardControl.m; sourceTree = "<group>"; };
		B5A2B0CE171A30EB00AF2BB8 /* NTDCollectionViewLayoutAttributes.h */ = {isa = PBXFileReference; fileEncoding = 4; lastKnownFileType = sourcecode.c.h; path = NTDCollectionViewLayoutAttributes.h; sourceTree = "<group>"; };
		B5A2B0CF171A30EB00AF2BB8 /* NTDCollectionViewLayoutAttributes.m */ = {isa = PBXFileReference; fileEncoding = 4; lastKnownFileType = sourcecode.c.objc; path = NTDCollectionViewLayoutAttributes.m; sourceTree = "<group>"; };
		B5D5F23C17188840008C60EE /* NTDCollectionViewCell.h */ = {isa = PBXFileReference; lastKnownFileType = sourcecode.c.h; path = NTDCollectionViewCell.h; sourceTree = "<group>"; };
		B5D5F23D17188840008C60EE /* NTDCollectionViewCell.m */ = {isa = PBXFileReference; lastKnownFileType = sourcecode.c.objc; path = NTDCollectionViewCell.m; sourceTree = "<group>"; };
		B5D5F23E17188840008C60EE /* NTDCollectionViewCell.xib */ = {isa = PBXFileReference; lastKnownFileType = file.xib; path = NTDCollectionViewCell.xib; sourceTree = "<group>"; };
		B5D5F23F17188840008C60EE /* NTDCollectionViewController.h */ = {isa = PBXFileReference; lastKnownFileType = sourcecode.c.h; lineEnding = 0; path = NTDCollectionViewController.h; sourceTree = "<group>"; xcLanguageSpecificationIdentifier = xcode.lang.objcpp; };
		B5D5F24017188840008C60EE /* NTDCollectionViewController.m */ = {isa = PBXFileReference; lastKnownFileType = sourcecode.c.objc; lineEnding = 0; path = NTDCollectionViewController.m; sourceTree = "<group>"; xcLanguageSpecificationIdentifier = xcode.lang.objc; };
		B5D5F24117188840008C60EE /* NTDListCollectionViewLayout.h */ = {isa = PBXFileReference; lastKnownFileType = sourcecode.c.h; path = NTDListCollectionViewLayout.h; sourceTree = "<group>"; };
		B5D5F24217188840008C60EE /* NTDListCollectionViewLayout.m */ = {isa = PBXFileReference; lastKnownFileType = sourcecode.c.objc; path = NTDListCollectionViewLayout.m; sourceTree = "<group>"; };
		B5D751F41730361A00CFEB92 /* NSIndexPath+NTDManipulation.h */ = {isa = PBXFileReference; fileEncoding = 4; lastKnownFileType = sourcecode.c.h; path = "NSIndexPath+NTDManipulation.h"; sourceTree = "<group>"; };
		B5D751F51730361A00CFEB92 /* NSIndexPath+NTDManipulation.m */ = {isa = PBXFileReference; fileEncoding = 4; lastKnownFileType = sourcecode.c.objc; path = "NSIndexPath+NTDManipulation.m"; sourceTree = "<group>"; };
		B8E5188712564DF9A62BDB86 /* Pods-NotedTests.xcconfig */ = {isa = PBXFileReference; includeInIndex = 1; lastKnownFileType = text.xcconfig; name = "Pods-NotedTests.xcconfig"; path = "Pods/Pods-NotedTests.xcconfig"; sourceTree = "<group>"; };
		BB62BC5EED29406FBB1BE6A4 /* libPods.a */ = {isa = PBXFileReference; explicitFileType = archive.ar; includeInIndex = 0; path = libPods.a; sourceTree = BUILT_PRODUCTS_DIR; };
		CF29671517B2F9B100994446 /* Crashlytics.framework */ = {isa = PBXFileReference; lastKnownFileType = wrapper.framework; path = Crashlytics.framework; sourceTree = "<group>"; };
		CF3D464917B177FD00178DF0 /* UIViewController+NTDToast.h */ = {isa = PBXFileReference; fileEncoding = 4; lastKnownFileType = sourcecode.c.h; path = "UIViewController+NTDToast.h"; sourceTree = "<group>"; };
		CF3D464A17B177FD00178DF0 /* UIViewController+NTDToast.m */ = {isa = PBXFileReference; fileEncoding = 4; lastKnownFileType = sourcecode.c.objc; path = "UIViewController+NTDToast.m"; sourceTree = "<group>"; };
		CF8ECF9B178213C10062705D /* NTDCollectionViewController+Shredding.h */ = {isa = PBXFileReference; fileEncoding = 4; lastKnownFileType = sourcecode.c.h; path = "NTDCollectionViewController+Shredding.h"; sourceTree = "<group>"; };
		CF8ECF9C178213C20062705D /* NTDCollectionViewController+Shredding.m */ = {isa = PBXFileReference; fileEncoding = 4; lastKnownFileType = sourcecode.c.objc; lineEnding = 0; path = "NTDCollectionViewController+Shredding.m"; sourceTree = "<group>"; xcLanguageSpecificationIdentifier = xcode.lang.objc; };
		CFAF5CB9178DBDAF00187C79 /* NTDOptionsViewController.h */ = {isa = PBXFileReference; fileEncoding = 4; lastKnownFileType = sourcecode.c.h; path = NTDOptionsViewController.h; sourceTree = "<group>"; };
		CFAF5CBA178DBDAF00187C79 /* NTDOptionsViewController.m */ = {isa = PBXFileReference; fileEncoding = 4; lastKnownFileType = sourcecode.c.objc; path = NTDOptionsViewController.m; sourceTree = "<group>"; };
		CFAF5CBB178DBDAF00187C79 /* NTDOptionsViewController.xib */ = {isa = PBXFileReference; fileEncoding = 4; lastKnownFileType = file.xib; path = NTDOptionsViewController.xib; sourceTree = "<group>"; };
		CFAF5CC0178E04ED00187C79 /* CFNetwork.framework */ = {isa = PBXFileReference; lastKnownFileType = wrapper.framework; name = CFNetwork.framework; path = System/Library/Frameworks/CFNetwork.framework; sourceTree = SDKROOT; };
		F349FB4E187DC29300B3768B /* NTDCollectionViewController+ShakeToUndoDelete.h */ = {isa = PBXFileReference; fileEncoding = 4; lastKnownFileType = sourcecode.c.h; path = "NTDCollectionViewController+ShakeToUndoDelete.h"; sourceTree = "<group>"; };
		F349FB4F187DC29300B3768B /* NTDCollectionViewController+ShakeToUndoDelete.m */ = {isa = PBXFileReference; fileEncoding = 4; lastKnownFileType = sourcecode.c.objc; path = "NTDCollectionViewController+ShakeToUndoDelete.m"; sourceTree = "<group>"; };
		F3EA4F2C188349F40077AD44 /* NTDDeletedNotePlaceholder.h */ = {isa = PBXFileReference; fileEncoding = 4; lastKnownFileType = sourcecode.c.h; path = NTDDeletedNotePlaceholder.h; sourceTree = "<group>"; };
		F3EA4F2D188349F40077AD44 /* NTDDeletedNotePlaceholder.m */ = {isa = PBXFileReference; fileEncoding = 4; lastKnownFileType = sourcecode.c.objc; path = NTDDeletedNotePlaceholder.m; sourceTree = "<group>"; };
		F3F55799177E05650003E152 /* UIDeviceHardware.h */ = {isa = PBXFileReference; fileEncoding = 4; lastKnownFileType = sourcecode.c.h; path = UIDeviceHardware.h; sourceTree = "<group>"; };
		F3F5579A177E05650003E152 /* UIDeviceHardware.m */ = {isa = PBXFileReference; fileEncoding = 4; lastKnownFileType = sourcecode.c.objc; path = UIDeviceHardware.m; sourceTree = "<group>"; };
/* End PBXFileReference section */

/* Begin PBXFrameworksBuildPhase section */
		29FC490C156EE0CD0007BBAD /* Frameworks */ = {
			isa = PBXFrameworksBuildPhase;
			buildActionMask = 2147483647;
			files = (
				3F4E225018A99CCF00EEC7E8 /* CoreMedia.framework in Frameworks */,
				3F4E224618A98F7B00EEC7E8 /* AVFoundation.framework in Frameworks */,
				3F59DC1F179DCCEB009FF719 /* MobileCoreServices.framework in Frameworks */,
				CFAF5CC1178E04ED00187C79 /* CFNetwork.framework in Frameworks */,
				3F9D3F20179494B600EA183D /* CoreData.framework in Frameworks */,
				B5961BC3161E3581001F02F0 /* Social.framework in Frameworks */,
				29914F181575350C0029D170 /* MessageUI.framework in Frameworks */,
				29FC4914156EE0CD0007BBAD /* UIKit.framework in Frameworks */,
				29FC4916156EE0CD0007BBAD /* Foundation.framework in Frameworks */,
				29FC4918156EE0CD0007BBAD /* CoreGraphics.framework in Frameworks */,
				29960C8A157413020054347A /* QuartzCore.framework in Frameworks */,
				A68AE94E4A7A4987B113B21F /* libPods.a in Frameworks */,
				3F73F7EA17985D5200EEE802 /* Crashlytics.framework in Frameworks */,
			);
			runOnlyForDeploymentPostprocessing = 0;
		};
		3F7370FC18AECD5F0092694E /* Frameworks */ = {
			isa = PBXFrameworksBuildPhase;
			buildActionMask = 2147483647;
			files = (
				3F27A0E318B41FBC00734CDD /* Crashlytics.framework in Frameworks */,
				3F27A0E218B41E9A00734CDD /* CoreData.framework in Frameworks */,
				3F73710118AECD5F0092694E /* XCTest.framework in Frameworks */,
				3F73710318AECD600092694E /* UIKit.framework in Frameworks */,
				3F73710218AECD600092694E /* Foundation.framework in Frameworks */,
				9C53A0360BDA46B5B8544B1C /* libPods-NotedTests.a in Frameworks */,
			);
			runOnlyForDeploymentPostprocessing = 0;
		};
/* End PBXFrameworksBuildPhase section */

/* Begin PBXGroup section */
		29960C661573F4C50054347A /* Assets */ = {
			isa = PBXGroup;
			children = (
				3F4E224D18A9973800EEC7E8 /* ShakeToUndoAnimation.mov */,
				964640C2164B289F0006A7CB /* Default-568h@2x.png */,
				29E326C3157556920013399B /* Default.png */,
				29E326C4157556920013399B /* Default@2x.png */,
				3F959401189B0E4700C86F93 /* Icon-60@2x.dev.png */,
				3FCBCFCD17C5596D0064ECB3 /* Icon-60@2x.png */,
				3F959402189B0E4700C86F93 /* Icon.dev.png */,
				29E326C1157556920013399B /* Icon.png */,
				3F959403189B0E4700C86F93 /* Icon@2x.dev.png */,
				29E326C2157556920013399B /* Icon@2x.png */,
				379E97D61678EE650051218D /* menu-icon-grey.png */,
				379E97D71678EE650051218D /* menu-icon-grey@2x.png */,
				379E97DB1678EE710051218D /* menu-icon-white.png */,
				379E97DC1678EE710051218D /* menu-icon-white@2x.png */,
			);
			name = Assets;
			path = ..;
			sourceTree = "<group>";
		};
		29960C7E15740F050054347A /* Helpers */ = {
			isa = PBXGroup;
			children = (
				3F73F7E517975BA700EEE802 /* Constants.h */,
				B59655841610C24C00A9CBD6 /* DAKeyboardControl.h */,
				B59655851610C24C00A9CBD6 /* DAKeyboardControl.m */,
				29960C7F15740F2D0054347A /* UIColor+Utils.h */,
				29960C8015740F2D0054347A /* UIColor+Utils.m */,
				298F8D1B15780FA2004D11A4 /* Utilities.h */,
				298F8D1C15780FA2004D11A4 /* Utilities.m */,
				F3F55799177E05650003E152 /* UIDeviceHardware.h */,
				F3F5579A177E05650003E152 /* UIDeviceHardware.m */,
			);
			name = Helpers;
			path = ..;
			sourceTree = "<group>";
		};
		29FC4904156EE0CD0007BBAD = {
			isa = PBXGroup;
			children = (
				29FC4919156EE0CD0007BBAD /* Noted */,
				3F1FF28717A048AA00213F2F /* Walkthrough */,
				3F73710418AECD600092694E /* NotedTests */,
				3FC8309018622058001C141C /* Dropbox */,
				29FC4912156EE0CD0007BBAD /* Frameworks */,
				29FC4910156EE0CD0007BBAD /* Products */,
				56511FDB4151478DBAF18458 /* Pods.xcconfig */,
				B8E5188712564DF9A62BDB86 /* Pods-NotedTests.xcconfig */,
			);
			sourceTree = "<group>";
		};
		29FC4910156EE0CD0007BBAD /* Products */ = {
			isa = PBXGroup;
			children = (
				29FC490F156EE0CD0007BBAD /* Noted.app */,
				3F7370FF18AECD5F0092694E /* NotedTests.xctest */,
			);
			name = Products;
			sourceTree = "<group>";
		};
		29FC4912156EE0CD0007BBAD /* Frameworks */ = {
			isa = PBXGroup;
			children = (
				3F4E224F18A99CCF00EEC7E8 /* CoreMedia.framework */,
				3F4E224518A98F7B00EEC7E8 /* AVFoundation.framework */,
				CF29671517B2F9B100994446 /* Crashlytics.framework */,
				CFAF5CC0178E04ED00187C79 /* CFNetwork.framework */,
				3F9D3F1F179494B600EA183D /* CoreData.framework */,
				29FC4917156EE0CD0007BBAD /* CoreGraphics.framework */,
				3F73F7E917985D5200EEE802 /* Crashlytics.framework */,
				29FC4915156EE0CD0007BBAD /* Foundation.framework */,
				BB62BC5EED29406FBB1BE6A4 /* libPods.a */,
				29914F171575350C0029D170 /* MessageUI.framework */,
				3F59DC1E179DCCEB009FF719 /* MobileCoreServices.framework */,
				29960C89157413010054347A /* QuartzCore.framework */,
				B5961BC2161E3581001F02F0 /* Social.framework */,
				29FC4913156EE0CD0007BBAD /* UIKit.framework */,
				3F73710018AECD5F0092694E /* XCTest.framework */,
				49647001D63E48259E02462C /* libPods-NotedTests.a */,
			);
			name = Frameworks;
			sourceTree = "<group>";
		};
		29FC4919156EE0CD0007BBAD /* Noted */ = {
			isa = PBXGroup;
			children = (
				B52114D8171CA79E007670F3 /* Models */,
				B52114DF171E15A8007670F3 /* Views */,
				B5D5F23B17188821008C60EE /* Controllers */,
				3F73F7E617975FA300EEE802 /* Other */,
				29FC491A156EE0CD0007BBAD /* Supporting Files */,
			);
			path = Noted;
			sourceTree = "<group>";
		};
		29FC491A156EE0CD0007BBAD /* Supporting Files */ = {
			isa = PBXGroup;
			children = (
				29FC4922156EE0CD0007BBAD /* AppDelegate.h */,
				29FC4923156EE0CD0007BBAD /* AppDelegate.m */,
				29FC491B156EE0CD0007BBAD /* Noted-Info.plist */,
				29FC491C156EE0CD0007BBAD /* InfoPlist.strings */,
				29FC491F156EE0CD0007BBAD /* main.m */,
				29FC4921156EE0CD0007BBAD /* Noted-Prefix.pch */,
			);
			name = "Supporting Files";
			sourceTree = "<group>";
		};
		3F1FF28717A048AA00213F2F /* Walkthrough */ = {
			isa = PBXGroup;
			children = (
				3F1FF29217A071C700213F2F /* Controller */,
				3F1FF29117A071C500213F2F /* View */,
				3F1FF28F17A071BF00213F2F /* Model */,
			);
			name = Walkthrough;
			path = Noted;
			sourceTree = "<group>";
		};
		3F1FF28F17A071BF00213F2F /* Model */ = {
			isa = PBXGroup;
			children = (
				3F1FF28817A048BD00213F2F /* NTDWalkthrough.h */,
				3F1FF28917A048BD00213F2F /* NTDWalkthrough.m */,
			);
			name = Model;
			sourceTree = "<group>";
		};
		3F1FF29117A071C500213F2F /* View */ = {
			isa = PBXGroup;
			children = (
				3FB8976517B1A5EA004D0DC3 /* NTDReplicatorView.h */,
				3FB8976617B1A5EA004D0DC3 /* NTDReplicatorView.m */,
				3F47D96F17A2F6F000DBFB0E /* NTDWalkthroughModalView.h */,
				3F47D97017A2F6F000DBFB0E /* NTDWalkthroughModalView.m */,
				3F1FF29417A0727100213F2F /* NTDWalkthroughGestureIndicatorView.h */,
				3F1FF29517A0727100213F2F /* NTDWalkthroughGestureIndicatorView.m */,
			);
			name = View;
			sourceTree = "<group>";
		};
		3F1FF29217A071C700213F2F /* Controller */ = {
			isa = PBXGroup;
			children = (
				3F1FF28B17A06A6500213F2F /* NTDWalkthroughViewController.h */,
				3F1FF28C17A06A6500213F2F /* NTDWalkthroughViewController.m */,
			);
			name = Controller;
			sourceTree = "<group>";
		};
		3F73710418AECD600092694E /* NotedTests */ = {
			isa = PBXGroup;
			children = (
				3F73710A18AECD600092694E /* NotedTests.m */,
				3F73710518AECD600092694E /* Supporting Files */,
			);
			path = NotedTests;
			sourceTree = "<group>";
		};
		3F73710518AECD600092694E /* Supporting Files */ = {
			isa = PBXGroup;
			children = (
				3F73710618AECD600092694E /* NotedTests-Info.plist */,
				3F73710718AECD600092694E /* InfoPlist.strings */,
				3F73710C18AECD600092694E /* NotedTests-Prefix.pch */,
			);
			name = "Supporting Files";
			sourceTree = "<group>";
		};
		3F73F7E617975FA300EEE802 /* Other */ = {
			isa = PBXGroup;
			children = (
				29960C7E15740F050054347A /* Helpers */,
				29960C661573F4C50054347A /* Assets */,
				B5D5F2481718BD3C008C60EE /* Categories */,
			);
			name = Other;
			sourceTree = "<group>";
		};
		3F73F7E717975FB500EEE802 /* Layout */ = {
			isa = PBXGroup;
			children = (
				B5A2B0CE171A30EB00AF2BB8 /* NTDCollectionViewLayoutAttributes.h */,
				B5A2B0CF171A30EB00AF2BB8 /* NTDCollectionViewLayoutAttributes.m */,
				B52114DC171DCF9E007670F3 /* NTDPagingCollectionViewLayout.h */,
				B52114DD171DCF9F007670F3 /* NTDPagingCollectionViewLayout.m */,
				B5D5F24117188840008C60EE /* NTDListCollectionViewLayout.h */,
				B5D5F24217188840008C60EE /* NTDListCollectionViewLayout.m */,
			);
			name = Layout;
			sourceTree = "<group>";
		};
		3F9D3F141790B3C300EA183D /* Private */ = {
			isa = PBXGroup;
			children = (
				3F9D3F1C179491A800EA183D /* NTDCoreDataStore.h */,
				3F9D3F1D179491A800EA183D /* NTDCoreDataStore.m */,
				3F9D3F111790B16B00EA183D /* NTDNoteDocument.h */,
				3F9D3F121790B16B00EA183D /* NTDNoteDocument.m */,
				3F9D3F211794A8E000EA183D /* NTDNoteMetadata.h */,
				3F9D3F221794A8E000EA183D /* NTDNoteMetadata.m */,
				3F9D3F151790BC8700EA183D /* NTDNoteMetadata.xcdatamodeld */,
				3FC8309818623FBF001C141C /* NTDNote+ImplUtils.h */,
				3FC8309918623FBF001C141C /* NTDNote+ImplUtils.m */,
			);
			name = Private;
			sourceTree = "<group>";
		};
		3FC8309018622058001C141C /* Dropbox */ = {
			isa = PBXGroup;
			children = (
				3FC8309B18624D55001C141C /* Private */,
				3FC830921862209D001C141C /* NTDDropboxManager.h */,
				3FC830931862209D001C141C /* NTDDropboxManager.m */,
			);
			name = Dropbox;
			path = Noted;
			sourceTree = "<group>";
		};
		3FC8309B18624D55001C141C /* Private */ = {
			isa = PBXGroup;
			children = (
				3FC8309518623E61001C141C /* NTDDropboxNote.h */,
				3FC8309618623E61001C141C /* NTDDropboxNote.m */,
			);
			name = Private;
			sourceTree = "<group>";
		};
		B52114D8171CA79E007670F3 /* Models */ = {
			isa = PBXGroup;
			children = (
				3F9D3F141790B3C300EA183D /* Private */,
				3F9D3F0E1790925100EA183D /* NTDNote.h */,
				3F9D3F0F1790925100EA183D /* NTDNote.m */,
				F3EA4F2C188349F40077AD44 /* NTDDeletedNotePlaceholder.h */,
				F3EA4F2D188349F40077AD44 /* NTDDeletedNotePlaceholder.m */,
				B52114D9171CA800007670F3 /* NTDTheme.h */,
				B52114DA171CA800007670F3 /* NTDTheme.m */,
			);
			name = Models;
			sourceTree = "<group>";
		};
		B52114DF171E15A8007670F3 /* Views */ = {
			isa = PBXGroup;
			children = (
				3F73F7E717975FB500EEE802 /* Layout */,
				3F98D5CB17EA53B500693202 /* NTDTextView.h */,
				3F98D5CC17EA53B500693202 /* NTDTextView.m */,
				3FC8308D1861FB50001C141C /* NTDModalView.h */,
				3FC8308E1861FB50001C141C /* NTDModalView.m */,
				B5D5F23C17188840008C60EE /* NTDCollectionViewCell.h */,
				B5D5F23D17188840008C60EE /* NTDCollectionViewCell.m */,
				B5D5F23E17188840008C60EE /* NTDCollectionViewCell.xib */,
			);
			name = Views;
			sourceTree = "<group>";
		};
		B5D5F23B17188821008C60EE /* Controllers */ = {
			isa = PBXGroup;
			children = (
				CFAF5CB9178DBDAF00187C79 /* NTDOptionsViewController.h */,
				CFAF5CBA178DBDAF00187C79 /* NTDOptionsViewController.m */,
				CFAF5CBB178DBDAF00187C79 /* NTDOptionsViewController.xib */,
				B5D5F23F17188840008C60EE /* NTDCollectionViewController.h */,
				B5D5F24017188840008C60EE /* NTDCollectionViewController.m */,
			);
			name = Controllers;
			sourceTree = "<group>";
		};
		B5D5F2481718BD3C008C60EE /* Categories */ = {
			isa = PBXGroup;
			children = (
				3F98D5C817E90DAA00693202 /* UICollectionView+NTDFixDisappearingCellBug.h */,
				3F98D5C917E90DAA00693202 /* UICollectionView+NTDFixDisappearingCellBug.m */,
				3F1FF29717A0968B00213F2F /* NTDCollectionViewController+Walkthrough.h */,
				3F1FF29817A0968B00213F2F /* NTDCollectionViewController+Walkthrough.m */,
				B5D751F41730361A00CFEB92 /* NSIndexPath+NTDManipulation.h */,
				B5D751F51730361A00CFEB92 /* NSIndexPath+NTDManipulation.m */,
				CF8ECF9B178213C10062705D /* NTDCollectionViewController+Shredding.h */,
				CF8ECF9C178213C20062705D /* NTDCollectionViewController+Shredding.m */,
				CF3D464917B177FD00178DF0 /* UIViewController+NTDToast.h */,
				CF3D464A17B177FD00178DF0 /* UIViewController+NTDToast.m */,
				F349FB4E187DC29300B3768B /* NTDCollectionViewController+ShakeToUndoDelete.h */,
				F349FB4F187DC29300B3768B /* NTDCollectionViewController+ShakeToUndoDelete.m */,
			);
			name = Categories;
			sourceTree = "<group>";
		};
/* End PBXGroup section */

/* Begin PBXNativeTarget section */
		29FC490E156EE0CD0007BBAD /* Noted */ = {
			isa = PBXNativeTarget;
			buildConfigurationList = 29FC4933156EE0CD0007BBAD /* Build configuration list for PBXNativeTarget "Noted" */;
			buildPhases = (
				428B754B05E147E597ABE2C8 /* Check Pods Manifest.lock */,
				29FC490B156EE0CD0007BBAD /* Sources */,
				29FC490C156EE0CD0007BBAD /* Frameworks */,
				29FC490D156EE0CD0007BBAD /* Resources */,
				0A02F07CA668442FBA33C199 /* Copy Pods Resources */,
				3F73F7E817985D3500EEE802 /* Run Crashlytics */,
			);
			buildRules = (
			);
			dependencies = (
			);
			name = Noted;
			productName = Noted;
			productReference = 29FC490F156EE0CD0007BBAD /* Noted.app */;
			productType = "com.apple.product-type.application";
		};
		3F7370FE18AECD5F0092694E /* NotedTests */ = {
			isa = PBXNativeTarget;
			buildConfigurationList = 3F73711218AECD600092694E /* Build configuration list for PBXNativeTarget "NotedTests" */;
			buildPhases = (
				5BF8379F8EAD4638AE9AD7DA /* Check Pods Manifest.lock */,
				3F7370FB18AECD5F0092694E /* Sources */,
				3F7370FC18AECD5F0092694E /* Frameworks */,
				3F7370FD18AECD5F0092694E /* Resources */,
				839797196BCA4B93B2426A42 /* Copy Pods Resources */,
			);
			buildRules = (
			);
			dependencies = (
				3F73710E18AECD600092694E /* PBXTargetDependency */,
			);
			name = NotedTests;
			productName = NotedTests;
			productReference = 3F7370FF18AECD5F0092694E /* NotedTests.xctest */;
			productType = "com.apple.product-type.bundle.unit-test";
		};
/* End PBXNativeTarget section */

/* Begin PBXProject section */
		29FC4906156EE0CD0007BBAD /* Project object */ = {
			isa = PBXProject;
			attributes = {
				LastUpgradeCheck = 0500;
				ORGANIZATIONNAME = "Tack Mobile";
				TargetAttributes = {
					29FC490E156EE0CD0007BBAD = {
						DevelopmentTeam = 9B83N8S7VW;
					};
					3F7370FE18AECD5F0092694E = {
						TestTargetID = 29FC490E156EE0CD0007BBAD;
					};
				};
			};
			buildConfigurationList = 29FC4909156EE0CD0007BBAD /* Build configuration list for PBXProject "Noted" */;
			compatibilityVersion = "Xcode 3.2";
			developmentRegion = English;
			hasScannedForEncodings = 0;
			knownRegions = (
				en,
			);
			mainGroup = 29FC4904156EE0CD0007BBAD;
			productRefGroup = 29FC4910156EE0CD0007BBAD /* Products */;
			projectDirPath = "";
			projectRoot = "";
			targets = (
				29FC490E156EE0CD0007BBAD /* Noted */,
				3F7370FE18AECD5F0092694E /* NotedTests */,
			);
		};
/* End PBXProject section */

/* Begin PBXResourcesBuildPhase section */
		29FC490D156EE0CD0007BBAD /* Resources */ = {
			isa = PBXResourcesBuildPhase;
			buildActionMask = 2147483647;
			files = (
				3F959404189B0E4700C86F93 /* Icon-60@2x.dev.png in Resources */,
				29FC491E156EE0CD0007BBAD /* InfoPlist.strings in Resources */,
				3F959406189B0E4700C86F93 /* Icon@2x.dev.png in Resources */,
				29E326D3157556920013399B /* Icon.png in Resources */,
				29E326D4157556920013399B /* Icon@2x.png in Resources */,
				29E326D5157556920013399B /* Default.png in Resources */,
				29E326D6157556920013399B /* Default@2x.png in Resources */,
				964640C3164B289F0006A7CB /* Default-568h@2x.png in Resources */,
				379E97D81678EE650051218D /* menu-icon-grey.png in Resources */,
				379E97D91678EE650051218D /* menu-icon-grey@2x.png in Resources */,
				3FCBCFCE17C5596D0064ECB3 /* Icon-60@2x.png in Resources */,
				379E97DD1678EE710051218D /* menu-icon-white.png in Resources */,
				379E97DE1678EE710051218D /* menu-icon-white@2x.png in Resources */,
				B5D5F246171888C7008C60EE /* NTDCollectionViewCell.xib in Resources */,
				3F959405189B0E4700C86F93 /* Icon.dev.png in Resources */,
				CFAF5CBD178DBDAF00187C79 /* NTDOptionsViewController.xib in Resources */,
				3F4E224E18A9973800EEC7E8 /* ShakeToUndoAnimation.mov in Resources */,
			);
			runOnlyForDeploymentPostprocessing = 0;
		};
		3F7370FD18AECD5F0092694E /* Resources */ = {
			isa = PBXResourcesBuildPhase;
			buildActionMask = 2147483647;
			files = (
				3F73710918AECD600092694E /* InfoPlist.strings in Resources */,
			);
			runOnlyForDeploymentPostprocessing = 0;
		};
/* End PBXResourcesBuildPhase section */

/* Begin PBXShellScriptBuildPhase section */
		0A02F07CA668442FBA33C199 /* Copy Pods Resources */ = {
			isa = PBXShellScriptBuildPhase;
			buildActionMask = 2147483647;
			files = (
			);
			inputPaths = (
			);
			name = "Copy Pods Resources";
			outputPaths = (
			);
			runOnlyForDeploymentPostprocessing = 0;
			shellPath = /bin/sh;
			shellScript = "\"${SRCROOT}/Pods/Pods-resources.sh\"\n";
		};
		3F73F7E817985D3500EEE802 /* Run Crashlytics */ = {
			isa = PBXShellScriptBuildPhase;
			buildActionMask = 2147483647;
			files = (
			);
			inputPaths = (
			);
			name = "Run Crashlytics";
			outputPaths = (
			);
			runOnlyForDeploymentPostprocessing = 0;
			shellPath = /bin/sh;
			shellScript = "./Crashlytics.framework/run 74274da5058ac773f4834d2aedc44eac0555edcd";
		};
		428B754B05E147E597ABE2C8 /* Check Pods Manifest.lock */ = {
			isa = PBXShellScriptBuildPhase;
			buildActionMask = 2147483647;
			files = (
			);
			inputPaths = (
			);
			name = "Check Pods Manifest.lock";
			outputPaths = (
			);
			runOnlyForDeploymentPostprocessing = 0;
			shellPath = /bin/sh;
			shellScript = "diff \"${PODS_ROOT}/../Podfile.lock\" \"${PODS_ROOT}/Manifest.lock\" > /dev/null\nif [[ $? != 0 ]] ; then\n    cat << EOM\nerror: The sandbox is not in sync with the Podfile.lock. Run 'pod install' or update your CocoaPods installation.\nEOM\n    exit 1\nfi\n";
		};
		5BF8379F8EAD4638AE9AD7DA /* Check Pods Manifest.lock */ = {
			isa = PBXShellScriptBuildPhase;
			buildActionMask = 2147483647;
			files = (
			);
			inputPaths = (
			);
			name = "Check Pods Manifest.lock";
			outputPaths = (
			);
			runOnlyForDeploymentPostprocessing = 0;
			shellPath = /bin/sh;
			shellScript = "diff \"${PODS_ROOT}/../Podfile.lock\" \"${PODS_ROOT}/Manifest.lock\" > /dev/null\nif [[ $? != 0 ]] ; then\n    cat << EOM\nerror: The sandbox is not in sync with the Podfile.lock. Run 'pod install' or update your CocoaPods installation.\nEOM\n    exit 1\nfi\n";
			showEnvVarsInLog = 0;
		};
		839797196BCA4B93B2426A42 /* Copy Pods Resources */ = {
			isa = PBXShellScriptBuildPhase;
			buildActionMask = 2147483647;
			files = (
			);
			inputPaths = (
			);
			name = "Copy Pods Resources";
			outputPaths = (
			);
			runOnlyForDeploymentPostprocessing = 0;
			shellPath = /bin/sh;
			shellScript = "\"${SRCROOT}/Pods/Pods-NotedTests-resources.sh\"\n";
			showEnvVarsInLog = 0;
		};
/* End PBXShellScriptBuildPhase section */

/* Begin PBXSourcesBuildPhase section */
		29FC490B156EE0CD0007BBAD /* Sources */ = {
			isa = PBXSourcesBuildPhase;
			buildActionMask = 2147483647;
			files = (
				29FC4920156EE0CD0007BBAD /* main.m in Sources */,
				29FC4924156EE0CD0007BBAD /* AppDelegate.m in Sources */,
				29960C8115740F2D0054347A /* UIColor+Utils.m in Sources */,
				298F8D1D15780FA2004D11A4 /* Utilities.m in Sources */,
				3FC8309718623E61001C141C /* NTDDropboxNote.m in Sources */,
				B59655861610C24C00A9CBD6 /* DAKeyboardControl.m in Sources */,
				B5D5F245171888B3008C60EE /* NTDListCollectionViewLayout.m in Sources */,
				B5D5F244171888B0008C60EE /* NTDCollectionViewController.m in Sources */,
				B5D5F243171888AC008C60EE /* NTDCollectionViewCell.m in Sources */,
				B5A2B0D0171A30EB00AF2BB8 /* NTDCollectionViewLayoutAttributes.m in Sources */,
				F349FB50187DC29300B3768B /* NTDCollectionViewController+ShakeToUndoDelete.m in Sources */,
				B52114DB171CA800007670F3 /* NTDTheme.m in Sources */,
				B52114DE171DCF9F007670F3 /* NTDPagingCollectionViewLayout.m in Sources */,
				B5D751F61730361A00CFEB92 /* NSIndexPath+NTDManipulation.m in Sources */,
				3FC8309A18623FBF001C141C /* NTDNote+ImplUtils.m in Sources */,
				3FC830941862209D001C141C /* NTDDropboxManager.m in Sources */,
				F3F5579B177E05650003E152 /* UIDeviceHardware.m in Sources */,
				CF8ECF9D178213C20062705D /* NTDCollectionViewController+Shredding.m in Sources */,
				CFAF5CBC178DBDAF00187C79 /* NTDOptionsViewController.m in Sources */,
				F3EA4F2E188349F40077AD44 /* NTDDeletedNotePlaceholder.m in Sources */,
				3F9D3F101790925100EA183D /* NTDNote.m in Sources */,
				3F9D3F131790B16C00EA183D /* NTDNoteDocument.m in Sources */,
				3F9D3F171790BC8700EA183D /* NTDNoteMetadata.xcdatamodeld in Sources */,
				3F9D3F1E179491A900EA183D /* NTDCoreDataStore.m in Sources */,
				3F9D3F231794A8E100EA183D /* NTDNoteMetadata.m in Sources */,
				CF3D464B17B177FD00178DF0 /* UIViewController+NTDToast.m in Sources */,
				3F1FF28A17A048BD00213F2F /* NTDWalkthrough.m in Sources */,
				3F1FF28D17A06A6500213F2F /* NTDWalkthroughViewController.m in Sources */,
				3F98D5CD17EA53B500693202 /* NTDTextView.m in Sources */,
				3F1FF29617A0727100213F2F /* NTDWalkthroughGestureIndicatorView.m in Sources */,
				3F1FF29917A0968B00213F2F /* NTDCollectionViewController+Walkthrough.m in Sources */,
				3FC8308F1861FB50001C141C /* NTDModalView.m in Sources */,
				3F98D5CA17E90DAA00693202 /* UICollectionView+NTDFixDisappearingCellBug.m in Sources */,
				3F47D97117A2F6F000DBFB0E /* NTDWalkthroughModalView.m in Sources */,
				3FB8976717B1A5EB004D0DC3 /* NTDReplicatorView.m in Sources */,
			);
			runOnlyForDeploymentPostprocessing = 0;
		};
		3F7370FB18AECD5F0092694E /* Sources */ = {
			isa = PBXSourcesBuildPhase;
			buildActionMask = 2147483647;
			files = (
				3F27A0D618B41E9100734CDD /* NTDCoreDataStore.m in Sources */,
				3F27A0D818B41E9100734CDD /* NTDNoteDocument.m in Sources */,
				3F27A0DA18B41E9100734CDD /* NTDNoteMetadata.m in Sources */,
				3F27A0DB18B41E9100734CDD /* NTDNoteMetadata.xcdatamodeld in Sources */,
				3F27A0DD18B41E9100734CDD /* NTDNote.m in Sources */,
				3F27A0DF18B41E9100734CDD /* NTDDeletedNotePlaceholder.m in Sources */,
				3F27A0E118B41E9100734CDD /* NTDTheme.m in Sources */,
				3F73710B18AECD600092694E /* NotedTests.m in Sources */,
			);
			runOnlyForDeploymentPostprocessing = 0;
		};
/* End PBXSourcesBuildPhase section */

/* Begin PBXTargetDependency section */
		3F73710E18AECD600092694E /* PBXTargetDependency */ = {
			isa = PBXTargetDependency;
			target = 29FC490E156EE0CD0007BBAD /* Noted */;
			targetProxy = 3F73710D18AECD600092694E /* PBXContainerItemProxy */;
		};
/* End PBXTargetDependency section */

/* Begin PBXVariantGroup section */
		29FC491C156EE0CD0007BBAD /* InfoPlist.strings */ = {
			isa = PBXVariantGroup;
			children = (
				29FC491D156EE0CD0007BBAD /* en */,
			);
			name = InfoPlist.strings;
			sourceTree = "<group>";
		};
		3F73710718AECD600092694E /* InfoPlist.strings */ = {
			isa = PBXVariantGroup;
			children = (
				3F73710818AECD600092694E /* en */,
			);
			name = InfoPlist.strings;
			sourceTree = "<group>";
		};
/* End PBXVariantGroup section */

/* Begin XCBuildConfiguration section */
		29FC4931156EE0CD0007BBAD /* Debug */ = {
			isa = XCBuildConfiguration;
			buildSettings = {
				BUNDLE_DISPLAY_NAME_SUFFIX = " α";
				BUNDLE_ID_SUFFIX = .dev;
				CLANG_ENABLE_OBJC_ARC = YES;
				CLANG_WARN_CONSTANT_CONVERSION = YES;
				CLANG_WARN_ENUM_CONVERSION = YES;
				CLANG_WARN_INT_CONVERSION = YES;
				CLANG_WARN__DUPLICATE_METHOD_MATCH = YES;
				CODE_SIGN_IDENTITY = "";
				COPY_PHASE_STRIP = NO;
				GCC_C_LANGUAGE_STANDARD = "compiler-default";
				GCC_PREPROCESSOR_DEFINITIONS = (
					"DEBUG=1",
					"$(inherited)",
				);
				GCC_VERSION = "";
				GCC_WARN_ABOUT_RETURN_TYPE = YES;
				GCC_WARN_UNINITIALIZED_AUTOS = YES;
				GCC_WARN_UNUSED_VARIABLE = YES;
				IPHONEOS_DEPLOYMENT_TARGET = 6.0;
				ONLY_ACTIVE_ARCH = YES;
				PROVISIONING_PROFILE = "2147D392-9ABC-4D06-AC26-B8695D2BE38C";
				SDKROOT = iphoneos;
			};
			name = Debug;
		};
		29FC4932156EE0CD0007BBAD /* Release */ = {
			isa = XCBuildConfiguration;
			buildSettings = {
				BUNDLE_DISPLAY_NAME_SUFFIX = "";
				BUNDLE_ID_SUFFIX = "";
				CLANG_ENABLE_OBJC_ARC = YES;
				CLANG_WARN_CONSTANT_CONVERSION = YES;
				CLANG_WARN_ENUM_CONVERSION = YES;
				CLANG_WARN_INT_CONVERSION = YES;
				CLANG_WARN__DUPLICATE_METHOD_MATCH = YES;
				CODE_SIGN_IDENTITY = "";
				COPY_PHASE_STRIP = YES;
				GCC_C_LANGUAGE_STANDARD = "compiler-default";
				GCC_VERSION = "";
				GCC_WARN_ABOUT_RETURN_TYPE = YES;
				GCC_WARN_UNINITIALIZED_AUTOS = YES;
				GCC_WARN_UNUSED_VARIABLE = YES;
				IPHONEOS_DEPLOYMENT_TARGET = 6.0;
				OTHER_CFLAGS = "-DNS_BLOCK_ASSERTIONS=1";
				PROVISIONING_PROFILE = "ABB05D58-98FB-4A2B-9D57-61FF65D17151";
				SDKROOT = iphoneos;
				VALIDATE_PRODUCT = YES;
			};
			name = Release;
		};
		29FC4934156EE0CD0007BBAD /* Debug */ = {
			isa = XCBuildConfiguration;
			baseConfigurationReference = 56511FDB4151478DBAF18458 /* Pods.xcconfig */;
			buildSettings = {
				CLANG_ENABLE_MODULES = YES;
				FRAMEWORK_SEARCH_PATHS = (
					"$(inherited)",
					"\"$(SYSTEM_APPS_DIR)/Reveal.app/Contents/SharedSupport/iOS-Libraries\"",
					"\"$(SRCROOT)\"",
				);
				GCC_OPTIMIZATION_LEVEL = 0;
				GCC_PRECOMPILE_PREFIX_HEADER = YES;
				GCC_PREFIX_HEADER = "Noted/Noted-Prefix.pch";
				INFOPLIST_FILE = "Noted/Noted-Info.plist";
				IPHONEOS_DEPLOYMENT_TARGET = 6.0;
				LIBRARY_SEARCH_PATHS = (
					"$(inherited)",
					"\"$(SRCROOT)\"",
				);
				PRODUCT_NAME = "$(TARGET_NAME)";
				WRAPPER_EXTENSION = app;
			};
			name = Debug;
		};
		29FC4935156EE0CD0007BBAD /* Release */ = {
			isa = XCBuildConfiguration;
			baseConfigurationReference = 56511FDB4151478DBAF18458 /* Pods.xcconfig */;
			buildSettings = {
				CLANG_ENABLE_MODULES = YES;
				FRAMEWORK_SEARCH_PATHS = (
					"$(inherited)",
					"\"$(SYSTEM_APPS_DIR)/Reveal.app/Contents/SharedSupport/iOS-Libraries\"",
					"\"$(SRCROOT)\"",
				);
				GCC_PRECOMPILE_PREFIX_HEADER = YES;
				GCC_PREFIX_HEADER = "Noted/Noted-Prefix.pch";
				INFOPLIST_FILE = "Noted/Noted-Info.plist";
				IPHONEOS_DEPLOYMENT_TARGET = 6.0;
				LIBRARY_SEARCH_PATHS = (
					"$(inherited)",
					"\"$(SRCROOT)\"",
				);
				PRODUCT_NAME = "$(TARGET_NAME)";
				WRAPPER_EXTENSION = app;
			};
			name = Release;
		};
		3F73710F18AECD600092694E /* Debug */ = {
			isa = XCBuildConfiguration;
			baseConfigurationReference = B8E5188712564DF9A62BDB86 /* Pods-NotedTests.xcconfig */;
			buildSettings = {
				ALWAYS_SEARCH_USER_PATHS = NO;
				ARCHS = "$(ARCHS_STANDARD)";
				BUNDLE_ID_SUFFIX = .dev;
				BUNDLE_LOADER = "$(BUILT_PRODUCTS_DIR)/Noted.app/Noted";
				CLANG_CXX_LANGUAGE_STANDARD = "gnu++0x";
				CLANG_CXX_LIBRARY = "libc++";
				CLANG_ENABLE_MODULES = YES;
				CLANG_WARN_BOOL_CONVERSION = YES;
				CLANG_WARN_DIRECT_OBJC_ISA_USAGE = YES_ERROR;
				CLANG_WARN_EMPTY_BODY = YES;
				CLANG_WARN_OBJC_ROOT_CLASS = YES_ERROR;
				FRAMEWORK_SEARCH_PATHS = (
					"$(SDKROOT)/Developer/Library/Frameworks",
					"$(inherited)",
					"$(DEVELOPER_FRAMEWORKS_DIR)",
					"$(PROJECT_DIR)",
				);
				GCC_C_LANGUAGE_STANDARD = gnu99;
				GCC_DYNAMIC_NO_PIC = NO;
				GCC_OPTIMIZATION_LEVEL = 0;
				GCC_PRECOMPILE_PREFIX_HEADER = YES;
				GCC_PREFIX_HEADER = "NotedTests/NotedTests-Prefix.pch";
				GCC_PREPROCESSOR_DEFINITIONS = (
					"DEBUG=1",
					"$(inherited)",
				);
				GCC_SYMBOLS_PRIVATE_EXTERN = NO;
				GCC_WARN_64_TO_32_BIT_CONVERSION = YES;
				GCC_WARN_ABOUT_RETURN_TYPE = YES_ERROR;
				GCC_WARN_UNDECLARED_SELECTOR = YES;
				GCC_WARN_UNUSED_FUNCTION = YES;
				INFOPLIST_FILE = "NotedTests/NotedTests-Info.plist";
				IPHONEOS_DEPLOYMENT_TARGET = 7.0;
				PRODUCT_NAME = "$(TARGET_NAME)";
				TEST_HOST = "$(BUNDLE_LOADER)";
				WRAPPER_EXTENSION = xctest;
			};
			name = Debug;
		};
		3F73711018AECD600092694E /* Release */ = {
			isa = XCBuildConfiguration;
			baseConfigurationReference = B8E5188712564DF9A62BDB86 /* Pods-NotedTests.xcconfig */;
			buildSettings = {
				ALWAYS_SEARCH_USER_PATHS = NO;
				ARCHS = "$(ARCHS_STANDARD)";
				BUNDLE_LOADER = "$(BUILT_PRODUCTS_DIR)/Noted.app/Noted";
				CLANG_CXX_LANGUAGE_STANDARD = "gnu++0x";
				CLANG_CXX_LIBRARY = "libc++";
				CLANG_ENABLE_MODULES = YES;
				CLANG_WARN_BOOL_CONVERSION = YES;
				CLANG_WARN_DIRECT_OBJC_ISA_USAGE = YES_ERROR;
				CLANG_WARN_EMPTY_BODY = YES;
				CLANG_WARN_OBJC_ROOT_CLASS = YES_ERROR;
				ENABLE_NS_ASSERTIONS = NO;
				FRAMEWORK_SEARCH_PATHS = (
					"$(SDKROOT)/Developer/Library/Frameworks",
					"$(inherited)",
					"$(DEVELOPER_FRAMEWORKS_DIR)",
					"$(PROJECT_DIR)",
				);
				GCC_C_LANGUAGE_STANDARD = gnu99;
				GCC_PRECOMPILE_PREFIX_HEADER = YES;
				GCC_PREFIX_HEADER = "NotedTests/NotedTests-Prefix.pch";
				GCC_WARN_64_TO_32_BIT_CONVERSION = YES;
				GCC_WARN_ABOUT_RETURN_TYPE = YES_ERROR;
				GCC_WARN_UNDECLARED_SELECTOR = YES;
				GCC_WARN_UNUSED_FUNCTION = YES;
				INFOPLIST_FILE = "NotedTests/NotedTests-Info.plist";
				IPHONEOS_DEPLOYMENT_TARGET = 7.0;
				PRODUCT_NAME = "$(TARGET_NAME)";
				TEST_HOST = "$(BUNDLE_LOADER)";
				WRAPPER_EXTENSION = xctest;
			};
			name = Release;
		};
		3F73711118AECD600092694E /* Ad Hoc */ = {
			isa = XCBuildConfiguration;
			baseConfigurationReference = B8E5188712564DF9A62BDB86 /* Pods-NotedTests.xcconfig */;
			buildSettings = {
				ALWAYS_SEARCH_USER_PATHS = NO;
				ARCHS = "$(ARCHS_STANDARD)";
				BUNDLE_LOADER = "$(BUILT_PRODUCTS_DIR)/Noted.app/Noted";
				CLANG_CXX_LANGUAGE_STANDARD = "gnu++0x";
				CLANG_CXX_LIBRARY = "libc++";
				CLANG_ENABLE_MODULES = YES;
				CLANG_WARN_BOOL_CONVERSION = YES;
				CLANG_WARN_DIRECT_OBJC_ISA_USAGE = YES_ERROR;
				CLANG_WARN_EMPTY_BODY = YES;
				CLANG_WARN_OBJC_ROOT_CLASS = YES_ERROR;
				ENABLE_NS_ASSERTIONS = NO;
				FRAMEWORK_SEARCH_PATHS = (
					"$(SDKROOT)/Developer/Library/Frameworks",
					"$(inherited)",
					"$(DEVELOPER_FRAMEWORKS_DIR)",
					"$(PROJECT_DIR)",
				);
				GCC_C_LANGUAGE_STANDARD = gnu99;
				GCC_PRECOMPILE_PREFIX_HEADER = YES;
				GCC_PREFIX_HEADER = "NotedTests/NotedTests-Prefix.pch";
				GCC_WARN_64_TO_32_BIT_CONVERSION = YES;
				GCC_WARN_ABOUT_RETURN_TYPE = YES_ERROR;
				GCC_WARN_UNDECLARED_SELECTOR = YES;
				GCC_WARN_UNUSED_FUNCTION = YES;
				INFOPLIST_FILE = "NotedTests/NotedTests-Info.plist";
				IPHONEOS_DEPLOYMENT_TARGET = 7.0;
				PRODUCT_NAME = "$(TARGET_NAME)";
				TEST_HOST = "$(BUNDLE_LOADER)";
				WRAPPER_EXTENSION = xctest;
			};
			name = "Ad Hoc";
		};
		B512B1271611191500E0E8B5 /* Ad Hoc */ = {
			isa = XCBuildConfiguration;
			buildSettings = {
				BUNDLE_DISPLAY_NAME_SUFFIX = " ß";
				BUNDLE_ID_SUFFIX = .dev;
				CLANG_ENABLE_OBJC_ARC = YES;
				CLANG_WARN_CONSTANT_CONVERSION = YES;
				CLANG_WARN_ENUM_CONVERSION = YES;
				CLANG_WARN_INT_CONVERSION = YES;
				CLANG_WARN__DUPLICATE_METHOD_MATCH = YES;
				CODE_SIGN_IDENTITY = "";
				COPY_PHASE_STRIP = YES;
				GCC_C_LANGUAGE_STANDARD = "compiler-default";
				GCC_VERSION = "";
				GCC_WARN_ABOUT_RETURN_TYPE = YES;
				GCC_WARN_UNINITIALIZED_AUTOS = YES;
				GCC_WARN_UNUSED_VARIABLE = YES;
				IPHONEOS_DEPLOYMENT_TARGET = 6.0;
				OTHER_CFLAGS = "-DNS_BLOCK_ASSERTIONS=1";
				PROVISIONING_PROFILE = "F35FA2A1-6EAE-467F-A541-B7183A0BAE74";
				SDKROOT = iphoneos;
				VALIDATE_PRODUCT = YES;
			};
			name = "Ad Hoc";
		};
		B512B1281611191500E0E8B5 /* Ad Hoc */ = {
			isa = XCBuildConfiguration;
			baseConfigurationReference = 56511FDB4151478DBAF18458 /* Pods.xcconfig */;
			buildSettings = {
				CLANG_ENABLE_MODULES = YES;
				FRAMEWORK_SEARCH_PATHS = (
					"$(inherited)",
					"\"$(SYSTEM_APPS_DIR)/Reveal.app/Contents/SharedSupport/iOS-Libraries\"",
					"\"$(SRCROOT)\"",
				);
				GCC_OPTIMIZATION_LEVEL = 0;
				GCC_PRECOMPILE_PREFIX_HEADER = YES;
				GCC_PREFIX_HEADER = "Noted/Noted-Prefix.pch";
				INFOPLIST_FILE = "Noted/Noted-Info.plist";
				IPHONEOS_DEPLOYMENT_TARGET = 6.0;
				LIBRARY_SEARCH_PATHS = (
					"$(inherited)",
					"\"$(SRCROOT)\"",
				);
				PRODUCT_NAME = "$(TARGET_NAME)";
				WRAPPER_EXTENSION = app;
			};
			name = "Ad Hoc";
		};
/* End XCBuildConfiguration section */

/* Begin XCConfigurationList section */
		29FC4909156EE0CD0007BBAD /* Build configuration list for PBXProject "Noted" */ = {
			isa = XCConfigurationList;
			buildConfigurations = (
				29FC4931156EE0CD0007BBAD /* Debug */,
				29FC4932156EE0CD0007BBAD /* Release */,
				B512B1271611191500E0E8B5 /* Ad Hoc */,
			);
			defaultConfigurationIsVisible = 0;
			defaultConfigurationName = Release;
		};
		29FC4933156EE0CD0007BBAD /* Build configuration list for PBXNativeTarget "Noted" */ = {
			isa = XCConfigurationList;
			buildConfigurations = (
				29FC4934156EE0CD0007BBAD /* Debug */,
				29FC4935156EE0CD0007BBAD /* Release */,
				B512B1281611191500E0E8B5 /* Ad Hoc */,
			);
			defaultConfigurationIsVisible = 0;
			defaultConfigurationName = Release;
		};
		3F73711218AECD600092694E /* Build configuration list for PBXNativeTarget "NotedTests" */ = {
			isa = XCConfigurationList;
			buildConfigurations = (
				3F73710F18AECD600092694E /* Debug */,
				3F73711018AECD600092694E /* Release */,
				3F73711118AECD600092694E /* Ad Hoc */,
			);
			defaultConfigurationIsVisible = 0;
			defaultConfigurationName = Release;
		};
/* End XCConfigurationList section */

/* Begin XCVersionGroup section */
		3F9D3F151790BC8700EA183D /* NTDNoteMetadata.xcdatamodeld */ = {
			isa = XCVersionGroup;
			children = (
				3F9D3F161790BC8700EA183D /* NTDNoteMetadata.xcdatamodel */,
			);
			currentVersion = 3F9D3F161790BC8700EA183D /* NTDNoteMetadata.xcdatamodel */;
			path = NTDNoteMetadata.xcdatamodeld;
			sourceTree = "<group>";
			versionGroupType = wrapper.xcdatamodel;
		};
/* End XCVersionGroup section */
	};
	rootObject = 29FC4906156EE0CD0007BBAD /* Project object */;
}
