// !$*UTF8*$!
{
	archiveVersion = 1;
	classes = {
	};
	objectVersion = 46;
	objects = {

/* Begin PBXBuildFile section */
		298F8D1D15780FA2004D11A4 /* Utilities.m in Sources */ = {isa = PBXBuildFile; fileRef = 298F8D1C15780FA2004D11A4 /* Utilities.m */; };
		29914F181575350C0029D170 /* MessageUI.framework in Frameworks */ = {isa = PBXBuildFile; fileRef = 29914F171575350C0029D170 /* MessageUI.framework */; };
		29960C8115740F2D0054347A /* UIColor+Utils.m in Sources */ = {isa = PBXBuildFile; fileRef = 29960C8015740F2D0054347A /* UIColor+Utils.m */; };
		29960C8A157413020054347A /* QuartzCore.framework in Frameworks */ = {isa = PBXBuildFile; fileRef = 29960C89157413010054347A /* QuartzCore.framework */; };
		29E326D3157556920013399B /* Icon.png in Resources */ = {isa = PBXBuildFile; fileRef = 29E326C1157556920013399B /* Icon.png */; };
		29E326D4157556920013399B /* Icon@2x.png in Resources */ = {isa = PBXBuildFile; fileRef = 29E326C2157556920013399B /* Icon@2x.png */; };
		29E326D5157556920013399B /* Default.png in Resources */ = {isa = PBXBuildFile; fileRef = 29E326C3157556920013399B /* Default.png */; };
		29E326D6157556920013399B /* Default@2x.png in Resources */ = {isa = PBXBuildFile; fileRef = 29E326C4157556920013399B /* Default@2x.png */; };
		29FC4914156EE0CD0007BBAD /* UIKit.framework in Frameworks */ = {isa = PBXBuildFile; fileRef = 29FC4913156EE0CD0007BBAD /* UIKit.framework */; };
		29FC4916156EE0CD0007BBAD /* Foundation.framework in Frameworks */ = {isa = PBXBuildFile; fileRef = 29FC4915156EE0CD0007BBAD /* Foundation.framework */; };
		29FC4918156EE0CD0007BBAD /* CoreGraphics.framework in Frameworks */ = {isa = PBXBuildFile; fileRef = 29FC4917156EE0CD0007BBAD /* CoreGraphics.framework */; };
		29FC491E156EE0CD0007BBAD /* InfoPlist.strings in Resources */ = {isa = PBXBuildFile; fileRef = 29FC491C156EE0CD0007BBAD /* InfoPlist.strings */; };
		29FC4920156EE0CD0007BBAD /* main.m in Sources */ = {isa = PBXBuildFile; fileRef = 29FC491F156EE0CD0007BBAD /* main.m */; };
		29FC4924156EE0CD0007BBAD /* AppDelegate.m in Sources */ = {isa = PBXBuildFile; fileRef = 29FC4923156EE0CD0007BBAD /* AppDelegate.m */; };
		379E97D81678EE650051218D /* menu-icon-grey.png in Resources */ = {isa = PBXBuildFile; fileRef = 379E97D61678EE650051218D /* menu-icon-grey.png */; };
		379E97D91678EE650051218D /* menu-icon-grey@2x.png in Resources */ = {isa = PBXBuildFile; fileRef = 379E97D71678EE650051218D /* menu-icon-grey@2x.png */; };
		379E97DD1678EE710051218D /* menu-icon-white.png in Resources */ = {isa = PBXBuildFile; fileRef = 379E97DB1678EE710051218D /* menu-icon-white.png */; };
		379E97DE1678EE710051218D /* menu-icon-white@2x.png in Resources */ = {isa = PBXBuildFile; fileRef = 379E97DC1678EE710051218D /* menu-icon-white@2x.png */; };
		3F1FF28A17A048BD00213F2F /* NTDWalkthrough.m in Sources */ = {isa = PBXBuildFile; fileRef = 3F1FF28917A048BD00213F2F /* NTDWalkthrough.m */; };
		3F1FF28D17A06A6500213F2F /* NTDWalkthroughViewController.m in Sources */ = {isa = PBXBuildFile; fileRef = 3F1FF28C17A06A6500213F2F /* NTDWalkthroughViewController.m */; };
		3F1FF29617A0727100213F2F /* NTDWalkthroughGestureIndicatorView.m in Sources */ = {isa = PBXBuildFile; fileRef = 3F1FF29517A0727100213F2F /* NTDWalkthroughGestureIndicatorView.m */; };
		3F1FF29917A0968B00213F2F /* NTDCollectionViewController+Walkthrough.m in Sources */ = {isa = PBXBuildFile; fileRef = 3F1FF29817A0968B00213F2F /* NTDCollectionViewController+Walkthrough.m */; };
		3F59DC1F179DCCEB009FF719 /* MobileCoreServices.framework in Frameworks */ = {isa = PBXBuildFile; fileRef = 3F59DC1E179DCCEB009FF719 /* MobileCoreServices.framework */; };
		3F73F7EA17985D5200EEE802 /* Crashlytics.framework in Frameworks */ = {isa = PBXBuildFile; fileRef = 3F73F7E917985D5200EEE802 /* Crashlytics.framework */; };
		3F9D3F101790925100EA183D /* NTDNote.m in Sources */ = {isa = PBXBuildFile; fileRef = 3F9D3F0F1790925100EA183D /* NTDNote.m */; };
		3F9D3F131790B16C00EA183D /* NTDNoteDocument.m in Sources */ = {isa = PBXBuildFile; fileRef = 3F9D3F121790B16B00EA183D /* NTDNoteDocument.m */; };
		3F9D3F171790BC8700EA183D /* NTDNoteMetadata.xcdatamodeld in Sources */ = {isa = PBXBuildFile; fileRef = 3F9D3F151790BC8700EA183D /* NTDNoteMetadata.xcdatamodeld */; };
		3F9D3F1E179491A900EA183D /* NTDCoreDataStore.m in Sources */ = {isa = PBXBuildFile; fileRef = 3F9D3F1D179491A800EA183D /* NTDCoreDataStore.m */; };
		3F9D3F20179494B600EA183D /* CoreData.framework in Frameworks */ = {isa = PBXBuildFile; fileRef = 3F9D3F1F179494B600EA183D /* CoreData.framework */; };
		3F9D3F231794A8E100EA183D /* NTDNoteMetadata.m in Sources */ = {isa = PBXBuildFile; fileRef = 3F9D3F221794A8E000EA183D /* NTDNoteMetadata.m */; };
		584E150C15B7A57400DD24D2 /* UIImage+Crop.m in Sources */ = {isa = PBXBuildFile; fileRef = 584E150B15B7A57400DD24D2 /* UIImage+Crop.m */; };
		964640C3164B289F0006A7CB /* Default-568h@2x.png in Resources */ = {isa = PBXBuildFile; fileRef = 964640C2164B289F0006A7CB /* Default-568h@2x.png */; };
		A68AE94E4A7A4987B113B21F /* libPods.a in Frameworks */ = {isa = PBXBuildFile; fileRef = BB62BC5EED29406FBB1BE6A4 /* libPods.a */; };
		B52114DB171CA800007670F3 /* NTDTheme.m in Sources */ = {isa = PBXBuildFile; fileRef = B52114DA171CA800007670F3 /* NTDTheme.m */; };
		B52114DE171DCF9F007670F3 /* NTDPagingCollectionViewLayout.m in Sources */ = {isa = PBXBuildFile; fileRef = B52114DD171DCF9F007670F3 /* NTDPagingCollectionViewLayout.m */; };
		B5961BC3161E3581001F02F0 /* Social.framework in Frameworks */ = {isa = PBXBuildFile; fileRef = B5961BC2161E3581001F02F0 /* Social.framework */; };
		B59655861610C24C00A9CBD6 /* DAKeyboardControl.m in Sources */ = {isa = PBXBuildFile; fileRef = B59655851610C24C00A9CBD6 /* DAKeyboardControl.m */; };
		B5A2B0D0171A30EB00AF2BB8 /* NTDCollectionViewLayoutAttributes.m in Sources */ = {isa = PBXBuildFile; fileRef = B5A2B0CF171A30EB00AF2BB8 /* NTDCollectionViewLayoutAttributes.m */; };
		B5D5F243171888AC008C60EE /* NTDCollectionViewCell.m in Sources */ = {isa = PBXBuildFile; fileRef = B5D5F23D17188840008C60EE /* NTDCollectionViewCell.m */; };
		B5D5F244171888B0008C60EE /* NTDCollectionViewController.m in Sources */ = {isa = PBXBuildFile; fileRef = B5D5F24017188840008C60EE /* NTDCollectionViewController.m */; };
		B5D5F245171888B3008C60EE /* NTDListCollectionViewLayout.m in Sources */ = {isa = PBXBuildFile; fileRef = B5D5F24217188840008C60EE /* NTDListCollectionViewLayout.m */; };
		B5D5F246171888C7008C60EE /* NTDCollectionViewCell.xib in Resources */ = {isa = PBXBuildFile; fileRef = B5D5F23E17188840008C60EE /* NTDCollectionViewCell.xib */; };
		B5D751F61730361A00CFEB92 /* NSIndexPath+NTDManipulation.m in Sources */ = {isa = PBXBuildFile; fileRef = B5D751F51730361A00CFEB92 /* NSIndexPath+NTDManipulation.m */; };
		CF8ECF9D178213C20062705D /* NTDCollectionViewController+Shredding.m in Sources */ = {isa = PBXBuildFile; fileRef = CF8ECF9C178213C20062705D /* NTDCollectionViewController+Shredding.m */; };
		CFAF5CBC178DBDAF00187C79 /* NTDOptionsViewController.m in Sources */ = {isa = PBXBuildFile; fileRef = CFAF5CBA178DBDAF00187C79 /* NTDOptionsViewController.m */; };
		CFAF5CBD178DBDAF00187C79 /* NTDOptionsViewController.xib in Resources */ = {isa = PBXBuildFile; fileRef = CFAF5CBB178DBDAF00187C79 /* NTDOptionsViewController.xib */; };
		CFAF5CC1178E04ED00187C79 /* CFNetwork.framework in Frameworks */ = {isa = PBXBuildFile; fileRef = CFAF5CC0178E04ED00187C79 /* CFNetwork.framework */; };
		F3F5579B177E05650003E152 /* UIDeviceHardware.m in Sources */ = {isa = PBXBuildFile; fileRef = F3F5579A177E05650003E152 /* UIDeviceHardware.m */; };
/* End PBXBuildFile section */

/* Begin PBXFileReference section */
		298F8D1B15780FA2004D11A4 /* Utilities.h */ = {isa = PBXFileReference; fileEncoding = 4; lastKnownFileType = sourcecode.c.h; name = Utilities.h; path = Noted/Utilities.h; sourceTree = "<group>"; };
		298F8D1C15780FA2004D11A4 /* Utilities.m */ = {isa = PBXFileReference; fileEncoding = 4; lastKnownFileType = sourcecode.c.objc; name = Utilities.m; path = Noted/Utilities.m; sourceTree = "<group>"; };
		29914F171575350C0029D170 /* MessageUI.framework */ = {isa = PBXFileReference; lastKnownFileType = wrapper.framework; name = MessageUI.framework; path = System/Library/Frameworks/MessageUI.framework; sourceTree = SDKROOT; };
		29960C7F15740F2D0054347A /* UIColor+Utils.h */ = {isa = PBXFileReference; fileEncoding = 4; lastKnownFileType = sourcecode.c.h; name = "UIColor+Utils.h"; path = "Noted/UIColor+Utils.h"; sourceTree = "<group>"; };
		29960C8015740F2D0054347A /* UIColor+Utils.m */ = {isa = PBXFileReference; fileEncoding = 4; lastKnownFileType = sourcecode.c.objc; name = "UIColor+Utils.m"; path = "Noted/UIColor+Utils.m"; sourceTree = "<group>"; };
		29960C89157413010054347A /* QuartzCore.framework */ = {isa = PBXFileReference; lastKnownFileType = wrapper.framework; name = QuartzCore.framework; path = System/Library/Frameworks/QuartzCore.framework; sourceTree = SDKROOT; };
		29E326C1157556920013399B /* Icon.png */ = {isa = PBXFileReference; lastKnownFileType = image.png; path = Icon.png; sourceTree = "<group>"; };
		29E326C2157556920013399B /* Icon@2x.png */ = {isa = PBXFileReference; lastKnownFileType = image.png; path = "Icon@2x.png"; sourceTree = "<group>"; };
		29E326C3157556920013399B /* Default.png */ = {isa = PBXFileReference; lastKnownFileType = image.png; path = Default.png; sourceTree = "<group>"; };
		29E326C4157556920013399B /* Default@2x.png */ = {isa = PBXFileReference; lastKnownFileType = image.png; path = "Default@2x.png"; sourceTree = "<group>"; };
		29FC490F156EE0CD0007BBAD /* Noted.app */ = {isa = PBXFileReference; explicitFileType = wrapper.application; includeInIndex = 0; path = Noted.app; sourceTree = BUILT_PRODUCTS_DIR; };
		29FC4913156EE0CD0007BBAD /* UIKit.framework */ = {isa = PBXFileReference; lastKnownFileType = wrapper.framework; name = UIKit.framework; path = System/Library/Frameworks/UIKit.framework; sourceTree = SDKROOT; };
		29FC4915156EE0CD0007BBAD /* Foundation.framework */ = {isa = PBXFileReference; lastKnownFileType = wrapper.framework; name = Foundation.framework; path = System/Library/Frameworks/Foundation.framework; sourceTree = SDKROOT; };
		29FC4917156EE0CD0007BBAD /* CoreGraphics.framework */ = {isa = PBXFileReference; lastKnownFileType = wrapper.framework; name = CoreGraphics.framework; path = System/Library/Frameworks/CoreGraphics.framework; sourceTree = SDKROOT; };
		29FC491B156EE0CD0007BBAD /* Noted-Info.plist */ = {isa = PBXFileReference; lastKnownFileType = text.plist.xml; path = "Noted-Info.plist"; sourceTree = "<group>"; };
		29FC491D156EE0CD0007BBAD /* en */ = {isa = PBXFileReference; lastKnownFileType = text.plist.strings; name = en; path = en.lproj/InfoPlist.strings; sourceTree = "<group>"; };
		29FC491F156EE0CD0007BBAD /* main.m */ = {isa = PBXFileReference; lastKnownFileType = sourcecode.c.objc; path = main.m; sourceTree = "<group>"; };
		29FC4921156EE0CD0007BBAD /* Noted-Prefix.pch */ = {isa = PBXFileReference; lastKnownFileType = sourcecode.c.h; path = "Noted-Prefix.pch"; sourceTree = "<group>"; };
		29FC4922156EE0CD0007BBAD /* AppDelegate.h */ = {isa = PBXFileReference; lastKnownFileType = sourcecode.c.h; path = AppDelegate.h; sourceTree = "<group>"; };
		29FC4923156EE0CD0007BBAD /* AppDelegate.m */ = {isa = PBXFileReference; lastKnownFileType = sourcecode.c.objc; path = AppDelegate.m; sourceTree = "<group>"; };
		379E97D61678EE650051218D /* menu-icon-grey.png */ = {isa = PBXFileReference; lastKnownFileType = image.png; path = "menu-icon-grey.png"; sourceTree = "<group>"; };
		379E97D71678EE650051218D /* menu-icon-grey@2x.png */ = {isa = PBXFileReference; lastKnownFileType = image.png; path = "menu-icon-grey@2x.png"; sourceTree = "<group>"; };
		379E97DB1678EE710051218D /* menu-icon-white.png */ = {isa = PBXFileReference; lastKnownFileType = image.png; path = "menu-icon-white.png"; sourceTree = "<group>"; };
		379E97DC1678EE710051218D /* menu-icon-white@2x.png */ = {isa = PBXFileReference; lastKnownFileType = image.png; path = "menu-icon-white@2x.png"; sourceTree = "<group>"; };
		3F1FF28817A048BD00213F2F /* NTDWalkthrough.h */ = {isa = PBXFileReference; fileEncoding = 4; lastKnownFileType = sourcecode.c.h; path = NTDWalkthrough.h; sourceTree = "<group>"; };
		3F1FF28917A048BD00213F2F /* NTDWalkthrough.m */ = {isa = PBXFileReference; fileEncoding = 4; lastKnownFileType = sourcecode.c.objc; path = NTDWalkthrough.m; sourceTree = "<group>"; };
		3F1FF28B17A06A6500213F2F /* NTDWalkthroughViewController.h */ = {isa = PBXFileReference; fileEncoding = 4; lastKnownFileType = sourcecode.c.h; path = NTDWalkthroughViewController.h; sourceTree = "<group>"; };
		3F1FF28C17A06A6500213F2F /* NTDWalkthroughViewController.m */ = {isa = PBXFileReference; fileEncoding = 4; lastKnownFileType = sourcecode.c.objc; path = NTDWalkthroughViewController.m; sourceTree = "<group>"; };
		3F1FF29417A0727100213F2F /* NTDWalkthroughGestureIndicatorView.h */ = {isa = PBXFileReference; fileEncoding = 4; lastKnownFileType = sourcecode.c.h; path = NTDWalkthroughGestureIndicatorView.h; sourceTree = "<group>"; };
		3F1FF29517A0727100213F2F /* NTDWalkthroughGestureIndicatorView.m */ = {isa = PBXFileReference; fileEncoding = 4; lastKnownFileType = sourcecode.c.objc; path = NTDWalkthroughGestureIndicatorView.m; sourceTree = "<group>"; };
		3F1FF29717A0968B00213F2F /* NTDCollectionViewController+Walkthrough.h */ = {isa = PBXFileReference; fileEncoding = 4; lastKnownFileType = sourcecode.c.h; path = "NTDCollectionViewController+Walkthrough.h"; sourceTree = "<group>"; };
		3F1FF29817A0968B00213F2F /* NTDCollectionViewController+Walkthrough.m */ = {isa = PBXFileReference; fileEncoding = 4; lastKnownFileType = sourcecode.c.objc; path = "NTDCollectionViewController+Walkthrough.m"; sourceTree = "<group>"; };
		3F59DC1E179DCCEB009FF719 /* MobileCoreServices.framework */ = {isa = PBXFileReference; lastKnownFileType = wrapper.framework; name = MobileCoreServices.framework; path = System/Library/Frameworks/MobileCoreServices.framework; sourceTree = SDKROOT; };
		3F73F7E517975BA700EEE802 /* Constants.h */ = {isa = PBXFileReference; fileEncoding = 4; lastKnownFileType = sourcecode.c.h; path = Constants.h; sourceTree = "<group>"; };
		3F73F7E917985D5200EEE802 /* Crashlytics.framework */ = {isa = PBXFileReference; lastKnownFileType = wrapper.framework; path = Crashlytics.framework; sourceTree = "<group>"; };
		3F9D3F0E1790925100EA183D /* NTDNote.h */ = {isa = PBXFileReference; fileEncoding = 4; lastKnownFileType = sourcecode.c.h; path = NTDNote.h; sourceTree = "<group>"; };
		3F9D3F0F1790925100EA183D /* NTDNote.m */ = {isa = PBXFileReference; fileEncoding = 4; lastKnownFileType = sourcecode.c.objc; path = NTDNote.m; sourceTree = "<group>"; };
		3F9D3F111790B16B00EA183D /* NTDNoteDocument.h */ = {isa = PBXFileReference; fileEncoding = 4; lastKnownFileType = sourcecode.c.h; path = NTDNoteDocument.h; sourceTree = "<group>"; };
		3F9D3F121790B16B00EA183D /* NTDNoteDocument.m */ = {isa = PBXFileReference; fileEncoding = 4; lastKnownFileType = sourcecode.c.objc; path = NTDNoteDocument.m; sourceTree = "<group>"; };
		3F9D3F161790BC8700EA183D /* NTDNoteMetadata.xcdatamodel */ = {isa = PBXFileReference; lastKnownFileType = wrapper.xcdatamodel; path = NTDNoteMetadata.xcdatamodel; sourceTree = "<group>"; };
		3F9D3F1C179491A800EA183D /* NTDCoreDataStore.h */ = {isa = PBXFileReference; fileEncoding = 4; lastKnownFileType = sourcecode.c.h; path = NTDCoreDataStore.h; sourceTree = "<group>"; };
		3F9D3F1D179491A800EA183D /* NTDCoreDataStore.m */ = {isa = PBXFileReference; fileEncoding = 4; lastKnownFileType = sourcecode.c.objc; path = NTDCoreDataStore.m; sourceTree = "<group>"; };
		3F9D3F1F179494B600EA183D /* CoreData.framework */ = {isa = PBXFileReference; lastKnownFileType = wrapper.framework; name = CoreData.framework; path = System/Library/Frameworks/CoreData.framework; sourceTree = SDKROOT; };
		3F9D3F211794A8E000EA183D /* NTDNoteMetadata.h */ = {isa = PBXFileReference; fileEncoding = 4; lastKnownFileType = sourcecode.c.h; path = NTDNoteMetadata.h; sourceTree = "<group>"; };
		3F9D3F221794A8E000EA183D /* NTDNoteMetadata.m */ = {isa = PBXFileReference; fileEncoding = 4; lastKnownFileType = sourcecode.c.objc; path = NTDNoteMetadata.m; sourceTree = "<group>"; };
		56511FDB4151478DBAF18458 /* Pods.xcconfig */ = {isa = PBXFileReference; includeInIndex = 1; lastKnownFileType = text.xcconfig; name = Pods.xcconfig; path = Pods/Pods.xcconfig; sourceTree = SOURCE_ROOT; };
		584E150A15B7A57400DD24D2 /* UIImage+Crop.h */ = {isa = PBXFileReference; fileEncoding = 4; lastKnownFileType = sourcecode.c.h; path = "UIImage+Crop.h"; sourceTree = "<group>"; };
		584E150B15B7A57400DD24D2 /* UIImage+Crop.m */ = {isa = PBXFileReference; fileEncoding = 4; lastKnownFileType = sourcecode.c.objc; path = "UIImage+Crop.m"; sourceTree = "<group>"; };
		964640C2164B289F0006A7CB /* Default-568h@2x.png */ = {isa = PBXFileReference; lastKnownFileType = image.png; path = "Default-568h@2x.png"; sourceTree = "<group>"; };
		B52114D9171CA800007670F3 /* NTDTheme.h */ = {isa = PBXFileReference; fileEncoding = 4; lastKnownFileType = sourcecode.c.h; path = NTDTheme.h; sourceTree = "<group>"; };
		B52114DA171CA800007670F3 /* NTDTheme.m */ = {isa = PBXFileReference; fileEncoding = 4; lastKnownFileType = sourcecode.c.objc; path = NTDTheme.m; sourceTree = "<group>"; };
		B52114DC171DCF9E007670F3 /* NTDPagingCollectionViewLayout.h */ = {isa = PBXFileReference; fileEncoding = 4; lastKnownFileType = sourcecode.c.h; path = NTDPagingCollectionViewLayout.h; sourceTree = "<group>"; };
		B52114DD171DCF9F007670F3 /* NTDPagingCollectionViewLayout.m */ = {isa = PBXFileReference; fileEncoding = 4; lastKnownFileType = sourcecode.c.objc; path = NTDPagingCollectionViewLayout.m; sourceTree = "<group>"; };
		B5961BC2161E3581001F02F0 /* Social.framework */ = {isa = PBXFileReference; lastKnownFileType = wrapper.framework; name = Social.framework; path = System/Library/Frameworks/Social.framework; sourceTree = SDKROOT; };
		B59655841610C24C00A9CBD6 /* DAKeyboardControl.h */ = {isa = PBXFileReference; fileEncoding = 4; lastKnownFileType = sourcecode.c.h; path = DAKeyboardControl.h; sourceTree = "<group>"; };
		B59655851610C24C00A9CBD6 /* DAKeyboardControl.m */ = {isa = PBXFileReference; fileEncoding = 4; lastKnownFileType = sourcecode.c.objc; path = DAKeyboardControl.m; sourceTree = "<group>"; };
		B5A2B0CE171A30EB00AF2BB8 /* NTDCollectionViewLayoutAttributes.h */ = {isa = PBXFileReference; fileEncoding = 4; lastKnownFileType = sourcecode.c.h; path = NTDCollectionViewLayoutAttributes.h; sourceTree = "<group>"; };
		B5A2B0CF171A30EB00AF2BB8 /* NTDCollectionViewLayoutAttributes.m */ = {isa = PBXFileReference; fileEncoding = 4; lastKnownFileType = sourcecode.c.objc; path = NTDCollectionViewLayoutAttributes.m; sourceTree = "<group>"; };
		B5D5F23C17188840008C60EE /* NTDCollectionViewCell.h */ = {isa = PBXFileReference; lastKnownFileType = sourcecode.c.h; path = NTDCollectionViewCell.h; sourceTree = "<group>"; };
		B5D5F23D17188840008C60EE /* NTDCollectionViewCell.m */ = {isa = PBXFileReference; lastKnownFileType = sourcecode.c.objc; path = NTDCollectionViewCell.m; sourceTree = "<group>"; };
		B5D5F23E17188840008C60EE /* NTDCollectionViewCell.xib */ = {isa = PBXFileReference; lastKnownFileType = file.xib; path = NTDCollectionViewCell.xib; sourceTree = "<group>"; };
		B5D5F23F17188840008C60EE /* NTDCollectionViewController.h */ = {isa = PBXFileReference; lastKnownFileType = sourcecode.c.h; path = NTDCollectionViewController.h; sourceTree = "<group>"; };
		B5D5F24017188840008C60EE /* NTDCollectionViewController.m */ = {isa = PBXFileReference; lastKnownFileType = sourcecode.c.objc; path = NTDCollectionViewController.m; sourceTree = "<group>"; };
		B5D5F24117188840008C60EE /* NTDListCollectionViewLayout.h */ = {isa = PBXFileReference; lastKnownFileType = sourcecode.c.h; path = NTDListCollectionViewLayout.h; sourceTree = "<group>"; };
		B5D5F24217188840008C60EE /* NTDListCollectionViewLayout.m */ = {isa = PBXFileReference; lastKnownFileType = sourcecode.c.objc; path = NTDListCollectionViewLayout.m; sourceTree = "<group>"; };
		B5D751F41730361A00CFEB92 /* NSIndexPath+NTDManipulation.h */ = {isa = PBXFileReference; fileEncoding = 4; lastKnownFileType = sourcecode.c.h; path = "NSIndexPath+NTDManipulation.h"; sourceTree = "<group>"; };
		B5D751F51730361A00CFEB92 /* NSIndexPath+NTDManipulation.m */ = {isa = PBXFileReference; fileEncoding = 4; lastKnownFileType = sourcecode.c.objc; path = "NSIndexPath+NTDManipulation.m"; sourceTree = "<group>"; };
		BB62BC5EED29406FBB1BE6A4 /* libPods.a */ = {isa = PBXFileReference; explicitFileType = archive.ar; includeInIndex = 0; path = libPods.a; sourceTree = BUILT_PRODUCTS_DIR; };
		CF8ECF9B178213C10062705D /* NTDCollectionViewController+Shredding.h */ = {isa = PBXFileReference; fileEncoding = 4; lastKnownFileType = sourcecode.c.h; path = "NTDCollectionViewController+Shredding.h"; sourceTree = "<group>"; };
		CF8ECF9C178213C20062705D /* NTDCollectionViewController+Shredding.m */ = {isa = PBXFileReference; fileEncoding = 4; lastKnownFileType = sourcecode.c.objc; path = "NTDCollectionViewController+Shredding.m"; sourceTree = "<group>"; };
		CFAF5CB9178DBDAF00187C79 /* NTDOptionsViewController.h */ = {isa = PBXFileReference; fileEncoding = 4; lastKnownFileType = sourcecode.c.h; path = NTDOptionsViewController.h; sourceTree = "<group>"; };
		CFAF5CBA178DBDAF00187C79 /* NTDOptionsViewController.m */ = {isa = PBXFileReference; fileEncoding = 4; lastKnownFileType = sourcecode.c.objc; path = NTDOptionsViewController.m; sourceTree = "<group>"; };
		CFAF5CBB178DBDAF00187C79 /* NTDOptionsViewController.xib */ = {isa = PBXFileReference; fileEncoding = 4; lastKnownFileType = file.xib; path = NTDOptionsViewController.xib; sourceTree = "<group>"; };
		CFAF5CC0178E04ED00187C79 /* CFNetwork.framework */ = {isa = PBXFileReference; lastKnownFileType = wrapper.framework; name = CFNetwork.framework; path = System/Library/Frameworks/CFNetwork.framework; sourceTree = SDKROOT; };
		F3F55799177E05650003E152 /* UIDeviceHardware.h */ = {isa = PBXFileReference; fileEncoding = 4; lastKnownFileType = sourcecode.c.h; path = UIDeviceHardware.h; sourceTree = "<group>"; };
		F3F5579A177E05650003E152 /* UIDeviceHardware.m */ = {isa = PBXFileReference; fileEncoding = 4; lastKnownFileType = sourcecode.c.objc; path = UIDeviceHardware.m; sourceTree = "<group>"; };
/* End PBXFileReference section */

/* Begin PBXFrameworksBuildPhase section */
		29FC490C156EE0CD0007BBAD /* Frameworks */ = {
			isa = PBXFrameworksBuildPhase;
			buildActionMask = 2147483647;
			files = (
				3F59DC1F179DCCEB009FF719 /* MobileCoreServices.framework in Frameworks */,
				CFAF5CC1178E04ED00187C79 /* CFNetwork.framework in Frameworks */,
				3F9D3F20179494B600EA183D /* CoreData.framework in Frameworks */,
				B5961BC3161E3581001F02F0 /* Social.framework in Frameworks */,
				29914F181575350C0029D170 /* MessageUI.framework in Frameworks */,
				29FC4914156EE0CD0007BBAD /* UIKit.framework in Frameworks */,
				29FC4916156EE0CD0007BBAD /* Foundation.framework in Frameworks */,
				29FC4918156EE0CD0007BBAD /* CoreGraphics.framework in Frameworks */,
				29960C8A157413020054347A /* QuartzCore.framework in Frameworks */,
				A68AE94E4A7A4987B113B21F /* libPods.a in Frameworks */,
				3F73F7EA17985D5200EEE802 /* Crashlytics.framework in Frameworks */,
			);
			runOnlyForDeploymentPostprocessing = 0;
		};
/* End PBXFrameworksBuildPhase section */

/* Begin PBXGroup section */
		29960C661573F4C50054347A /* Assets */ = {
			isa = PBXGroup;
			children = (
				964640C2164B289F0006A7CB /* Default-568h@2x.png */,
				29E326C3157556920013399B /* Default.png */,
				29E326C4157556920013399B /* Default@2x.png */,
				29E326C1157556920013399B /* Icon.png */,
				29E326C2157556920013399B /* Icon@2x.png */,
				379E97D61678EE650051218D /* menu-icon-grey.png */,
				379E97D71678EE650051218D /* menu-icon-grey@2x.png */,
				379E97DB1678EE710051218D /* menu-icon-white.png */,
				379E97DC1678EE710051218D /* menu-icon-white@2x.png */,
			);
			name = Assets;
			path = ..;
			sourceTree = "<group>";
		};
		29960C7E15740F050054347A /* Helpers */ = {
			isa = PBXGroup;
			children = (
				3F73F7E517975BA700EEE802 /* Constants.h */,
				B59655841610C24C00A9CBD6 /* DAKeyboardControl.h */,
				B59655851610C24C00A9CBD6 /* DAKeyboardControl.m */,
				29960C7F15740F2D0054347A /* UIColor+Utils.h */,
				29960C8015740F2D0054347A /* UIColor+Utils.m */,
				298F8D1B15780FA2004D11A4 /* Utilities.h */,
				298F8D1C15780FA2004D11A4 /* Utilities.m */,
				584E150A15B7A57400DD24D2 /* UIImage+Crop.h */,
				584E150B15B7A57400DD24D2 /* UIImage+Crop.m */,
				F3F55799177E05650003E152 /* UIDeviceHardware.h */,
				F3F5579A177E05650003E152 /* UIDeviceHardware.m */,
			);
			name = Helpers;
			path = ..;
			sourceTree = "<group>";
		};
		29FC4904156EE0CD0007BBAD = {
			isa = PBXGroup;
			children = (
				29FC4919156EE0CD0007BBAD /* Noted */,
				3F1FF28717A048AA00213F2F /* Walkthrough */,
				29FC4912156EE0CD0007BBAD /* Frameworks */,
				29FC4910156EE0CD0007BBAD /* Products */,
				56511FDB4151478DBAF18458 /* Pods.xcconfig */,
			);
			sourceTree = "<group>";
		};
		29FC4910156EE0CD0007BBAD /* Products */ = {
			isa = PBXGroup;
			children = (
				29FC490F156EE0CD0007BBAD /* Noted.app */,
			);
			name = Products;
			sourceTree = "<group>";
		};
		29FC4912156EE0CD0007BBAD /* Frameworks */ = {
			isa = PBXGroup;
			children = (
				CFAF5CC0178E04ED00187C79 /* CFNetwork.framework */,
				3F9D3F1F179494B600EA183D /* CoreData.framework */,
				29FC4917156EE0CD0007BBAD /* CoreGraphics.framework */,
				3F73F7E917985D5200EEE802 /* Crashlytics.framework */,
				29FC4915156EE0CD0007BBAD /* Foundation.framework */,
				BB62BC5EED29406FBB1BE6A4 /* libPods.a */,
				29914F171575350C0029D170 /* MessageUI.framework */,
				3F59DC1E179DCCEB009FF719 /* MobileCoreServices.framework */,
				29960C89157413010054347A /* QuartzCore.framework */,
				B5961BC2161E3581001F02F0 /* Social.framework */,
				29FC4913156EE0CD0007BBAD /* UIKit.framework */,
			);
			name = Frameworks;
			sourceTree = "<group>";
		};
		29FC4919156EE0CD0007BBAD /* Noted */ = {
			isa = PBXGroup;
			children = (
				B52114D8171CA79E007670F3 /* Models */,
				B52114DF171E15A8007670F3 /* Views */,
				B5D5F23B17188821008C60EE /* Controllers */,
				3F73F7E617975FA300EEE802 /* Other */,
				29FC491A156EE0CD0007BBAD /* Supporting Files */,
			);
			path = Noted;
			sourceTree = "<group>";
		};
		29FC491A156EE0CD0007BBAD /* Supporting Files */ = {
			isa = PBXGroup;
			children = (
				29FC4922156EE0CD0007BBAD /* AppDelegate.h */,
				29FC4923156EE0CD0007BBAD /* AppDelegate.m */,
				29FC491B156EE0CD0007BBAD /* Noted-Info.plist */,
				29FC491C156EE0CD0007BBAD /* InfoPlist.strings */,
				29FC491F156EE0CD0007BBAD /* main.m */,
				29FC4921156EE0CD0007BBAD /* Noted-Prefix.pch */,
			);
			name = "Supporting Files";
			sourceTree = "<group>";
		};
		3F1FF28717A048AA00213F2F /* Walkthrough */ = {
			isa = PBXGroup;
			children = (
				3F1FF29217A071C700213F2F /* Controller */,
				3F1FF29117A071C500213F2F /* View */,
				3F1FF28F17A071BF00213F2F /* Model */,
			);
			name = Walkthrough;
			path = Noted;
			sourceTree = "<group>";
		};
		3F1FF28F17A071BF00213F2F /* Model */ = {
			isa = PBXGroup;
			children = (
				3F1FF28817A048BD00213F2F /* NTDWalkthrough.h */,
				3F1FF28917A048BD00213F2F /* NTDWalkthrough.m */,
			);
			name = Model;
			sourceTree = "<group>";
		};
		3F1FF29117A071C500213F2F /* View */ = {
			isa = PBXGroup;
			children = (
				3F1FF29417A0727100213F2F /* NTDWalkthroughGestureIndicatorView.h */,
				3F1FF29517A0727100213F2F /* NTDWalkthroughGestureIndicatorView.m */,
			);
			name = View;
			sourceTree = "<group>";
		};
		3F1FF29217A071C700213F2F /* Controller */ = {
			isa = PBXGroup;
			children = (
				3F1FF28B17A06A6500213F2F /* NTDWalkthroughViewController.h */,
				3F1FF28C17A06A6500213F2F /* NTDWalkthroughViewController.m */,
			);
			name = Controller;
			sourceTree = "<group>";
		};
		3F73F7E617975FA300EEE802 /* Other */ = {
			isa = PBXGroup;
			children = (
				29960C7E15740F050054347A /* Helpers */,
				29960C661573F4C50054347A /* Assets */,
				B5D5F2481718BD3C008C60EE /* Categories */,
			);
			name = Other;
			sourceTree = "<group>";
		};
		3F73F7E717975FB500EEE802 /* Layout */ = {
			isa = PBXGroup;
			children = (
				B5A2B0CE171A30EB00AF2BB8 /* NTDCollectionViewLayoutAttributes.h */,
				B5A2B0CF171A30EB00AF2BB8 /* NTDCollectionViewLayoutAttributes.m */,
				B52114DC171DCF9E007670F3 /* NTDPagingCollectionViewLayout.h */,
				B52114DD171DCF9F007670F3 /* NTDPagingCollectionViewLayout.m */,
				B5D5F24117188840008C60EE /* NTDListCollectionViewLayout.h */,
				B5D5F24217188840008C60EE /* NTDListCollectionViewLayout.m */,
			);
			name = Layout;
			sourceTree = "<group>";
		};
		3F9D3F141790B3C300EA183D /* Private */ = {
			isa = PBXGroup;
			children = (
				3F9D3F1C179491A800EA183D /* NTDCoreDataStore.h */,
				3F9D3F1D179491A800EA183D /* NTDCoreDataStore.m */,
				3F9D3F111790B16B00EA183D /* NTDNoteDocument.h */,
				3F9D3F121790B16B00EA183D /* NTDNoteDocument.m */,
				3F9D3F211794A8E000EA183D /* NTDNoteMetadata.h */,
				3F9D3F221794A8E000EA183D /* NTDNoteMetadata.m */,
				3F9D3F151790BC8700EA183D /* NTDNoteMetadata.xcdatamodeld */,
			);
			name = Private;
			sourceTree = "<group>";
		};
		B52114D8171CA79E007670F3 /* Models */ = {
			isa = PBXGroup;
			children = (
				3F9D3F141790B3C300EA183D /* Private */,
				3F9D3F0E1790925100EA183D /* NTDNote.h */,
				3F9D3F0F1790925100EA183D /* NTDNote.m */,
				B52114D9171CA800007670F3 /* NTDTheme.h */,
				B52114DA171CA800007670F3 /* NTDTheme.m */,
			);
			name = Models;
			sourceTree = "<group>";
		};
		B52114DF171E15A8007670F3 /* Views */ = {
			isa = PBXGroup;
			children = (
				3F73F7E717975FB500EEE802 /* Layout */,
				B5D5F23C17188840008C60EE /* NTDCollectionViewCell.h */,
				B5D5F23D17188840008C60EE /* NTDCollectionViewCell.m */,
				B5D5F23E17188840008C60EE /* NTDCollectionViewCell.xib */,
			);
			name = Views;
			sourceTree = "<group>";
		};
		B5D5F23B17188821008C60EE /* Controllers */ = {
			isa = PBXGroup;
			children = (
				CFAF5CB9178DBDAF00187C79 /* NTDOptionsViewController.h */,
				CFAF5CBA178DBDAF00187C79 /* NTDOptionsViewController.m */,
				CFAF5CBB178DBDAF00187C79 /* NTDOptionsViewController.xib */,
				B5D5F23F17188840008C60EE /* NTDCollectionViewController.h */,
				B5D5F24017188840008C60EE /* NTDCollectionViewController.m */,
			);
			name = Controllers;
			sourceTree = "<group>";
		};
		B5D5F2481718BD3C008C60EE /* Categories */ = {
			isa = PBXGroup;
			children = (
				3F1FF29717A0968B00213F2F /* NTDCollectionViewController+Walkthrough.h */,
				3F1FF29817A0968B00213F2F /* NTDCollectionViewController+Walkthrough.m */,
				B5D751F41730361A00CFEB92 /* NSIndexPath+NTDManipulation.h */,
				B5D751F51730361A00CFEB92 /* NSIndexPath+NTDManipulation.m */,
				CF8ECF9B178213C10062705D /* NTDCollectionViewController+Shredding.h */,
				CF8ECF9C178213C20062705D /* NTDCollectionViewController+Shredding.m */,
			);
			name = Categories;
			sourceTree = "<group>";
		};
/* End PBXGroup section */

/* Begin PBXNativeTarget section */
		29FC490E156EE0CD0007BBAD /* Noted */ = {
			isa = PBXNativeTarget;
			buildConfigurationList = 29FC4933156EE0CD0007BBAD /* Build configuration list for PBXNativeTarget "Noted" */;
			buildPhases = (
				428B754B05E147E597ABE2C8 /* Check Pods Manifest.lock */,
				29FC490B156EE0CD0007BBAD /* Sources */,
				29FC490C156EE0CD0007BBAD /* Frameworks */,
				29FC490D156EE0CD0007BBAD /* Resources */,
				0A02F07CA668442FBA33C199 /* Copy Pods Resources */,
				3F73F7E817985D3500EEE802 /* Run Crashlytics */,
			);
			buildRules = (
			);
			dependencies = (
			);
			name = Noted;
			productName = Noted;
			productReference = 29FC490F156EE0CD0007BBAD /* Noted.app */;
			productType = "com.apple.product-type.application";
		};
/* End PBXNativeTarget section */

/* Begin PBXProject section */
		29FC4906156EE0CD0007BBAD /* Project object */ = {
			isa = PBXProject;
			attributes = {
				LastUpgradeCheck = 0460;
				ORGANIZATIONNAME = "Tack Mobile";
			};
			buildConfigurationList = 29FC4909156EE0CD0007BBAD /* Build configuration list for PBXProject "Noted" */;
			compatibilityVersion = "Xcode 3.2";
			developmentRegion = English;
			hasScannedForEncodings = 0;
			knownRegions = (
				en,
			);
			mainGroup = 29FC4904156EE0CD0007BBAD;
			productRefGroup = 29FC4910156EE0CD0007BBAD /* Products */;
			projectDirPath = "";
			projectRoot = "";
			targets = (
				29FC490E156EE0CD0007BBAD /* Noted */,
			);
		};
/* End PBXProject section */

/* Begin PBXResourcesBuildPhase section */
		29FC490D156EE0CD0007BBAD /* Resources */ = {
			isa = PBXResourcesBuildPhase;
			buildActionMask = 2147483647;
			files = (
				29FC491E156EE0CD0007BBAD /* InfoPlist.strings in Resources */,
				29E326D3157556920013399B /* Icon.png in Resources */,
				29E326D4157556920013399B /* Icon@2x.png in Resources */,
				29E326D5157556920013399B /* Default.png in Resources */,
				29E326D6157556920013399B /* Default@2x.png in Resources */,
				964640C3164B289F0006A7CB /* Default-568h@2x.png in Resources */,
				379E97D81678EE650051218D /* menu-icon-grey.png in Resources */,
				379E97D91678EE650051218D /* menu-icon-grey@2x.png in Resources */,
				379E97DD1678EE710051218D /* menu-icon-white.png in Resources */,
				379E97DE1678EE710051218D /* menu-icon-white@2x.png in Resources */,
				B5D5F246171888C7008C60EE /* NTDCollectionViewCell.xib in Resources */,
				CFAF5CBD178DBDAF00187C79 /* NTDOptionsViewController.xib in Resources */,
			);
			runOnlyForDeploymentPostprocessing = 0;
		};
/* End PBXResourcesBuildPhase section */

/* Begin PBXShellScriptBuildPhase section */
		0A02F07CA668442FBA33C199 /* Copy Pods Resources */ = {
			isa = PBXShellScriptBuildPhase;
			buildActionMask = 2147483647;
			files = (
			);
			inputPaths = (
			);
			name = "Copy Pods Resources";
			outputPaths = (
			);
			runOnlyForDeploymentPostprocessing = 0;
			shellPath = /bin/sh;
			shellScript = "\"${SRCROOT}/Pods/Pods-resources.sh\"\n";
		};
		3F73F7E817985D3500EEE802 /* Run Crashlytics */ = {
			isa = PBXShellScriptBuildPhase;
			buildActionMask = 2147483647;
			files = (
			);
			inputPaths = (
			);
			name = "Run Crashlytics";
			outputPaths = (
			);
			runOnlyForDeploymentPostprocessing = 0;
			shellPath = /bin/sh;
			shellScript = "./Crashlytics.framework/run 74274da5058ac773f4834d2aedc44eac0555edcd";
		};
		428B754B05E147E597ABE2C8 /* Check Pods Manifest.lock */ = {
			isa = PBXShellScriptBuildPhase;
			buildActionMask = 2147483647;
			files = (
			);
			inputPaths = (
			);
			name = "Check Pods Manifest.lock";
			outputPaths = (
			);
			runOnlyForDeploymentPostprocessing = 0;
			shellPath = /bin/sh;
			shellScript = "diff \"${PODS_ROOT}/../Podfile.lock\" \"${PODS_ROOT}/Manifest.lock\" > /dev/null\nif [[ $? != 0 ]] ; then\n    cat << EOM\nerror: The sandbox is not in sync with the Podfile.lock. Run 'pod install' or update your CocoaPods installation.\nEOM\n    exit 1\nfi\n";
		};
/* End PBXShellScriptBuildPhase section */

/* Begin PBXSourcesBuildPhase section */
		29FC490B156EE0CD0007BBAD /* Sources */ = {
			isa = PBXSourcesBuildPhase;
			buildActionMask = 2147483647;
			files = (
				29FC4920156EE0CD0007BBAD /* main.m in Sources */,
				29FC4924156EE0CD0007BBAD /* AppDelegate.m in Sources */,
				29960C8115740F2D0054347A /* UIColor+Utils.m in Sources */,
				298F8D1D15780FA2004D11A4 /* Utilities.m in Sources */,
				584E150C15B7A57400DD24D2 /* UIImage+Crop.m in Sources */,
				B59655861610C24C00A9CBD6 /* DAKeyboardControl.m in Sources */,
				B5D5F245171888B3008C60EE /* NTDListCollectionViewLayout.m in Sources */,
				B5D5F244171888B0008C60EE /* NTDCollectionViewController.m in Sources */,
				B5D5F243171888AC008C60EE /* NTDCollectionViewCell.m in Sources */,
				B5A2B0D0171A30EB00AF2BB8 /* NTDCollectionViewLayoutAttributes.m in Sources */,
				B52114DB171CA800007670F3 /* NTDTheme.m in Sources */,
				B52114DE171DCF9F007670F3 /* NTDPagingCollectionViewLayout.m in Sources */,
				B5D751F61730361A00CFEB92 /* NSIndexPath+NTDManipulation.m in Sources */,
				F3F5579B177E05650003E152 /* UIDeviceHardware.m in Sources */,
				CF8ECF9D178213C20062705D /* NTDCollectionViewController+Shredding.m in Sources */,
				CFAF5CBC178DBDAF00187C79 /* NTDOptionsViewController.m in Sources */,
				3F9D3F101790925100EA183D /* NTDNote.m in Sources */,
				3F9D3F131790B16C00EA183D /* NTDNoteDocument.m in Sources */,
				3F9D3F171790BC8700EA183D /* NTDNoteMetadata.xcdatamodeld in Sources */,
				3F9D3F1E179491A900EA183D /* NTDCoreDataStore.m in Sources */,
				3F9D3F231794A8E100EA183D /* NTDNoteMetadata.m in Sources */,
				3F1FF28A17A048BD00213F2F /* NTDWalkthrough.m in Sources */,
				3F1FF28D17A06A6500213F2F /* NTDWalkthroughViewController.m in Sources */,
				3F1FF29617A0727100213F2F /* NTDWalkthroughGestureIndicatorView.m in Sources */,
				3F1FF29917A0968B00213F2F /* NTDCollectionViewController+Walkthrough.m in Sources */,
			);
			runOnlyForDeploymentPostprocessing = 0;
		};
/* End PBXSourcesBuildPhase section */

/* Begin PBXVariantGroup section */
		29FC491C156EE0CD0007BBAD /* InfoPlist.strings */ = {
			isa = PBXVariantGroup;
			children = (
				29FC491D156EE0CD0007BBAD /* en */,
			);
			name = InfoPlist.strings;
			sourceTree = "<group>";
		};
/* End PBXVariantGroup section */

/* Begin XCBuildConfiguration section */
		29FC4931156EE0CD0007BBAD /* Debug */ = {
			isa = XCBuildConfiguration;
			buildSettings = {
				ARCHS = "$(ARCHS_STANDARD_32_BIT)";
				CLANG_ENABLE_OBJC_ARC = YES;
				CLANG_WARN_CONSTANT_CONVERSION = YES;
				CLANG_WARN_ENUM_CONVERSION = YES;
				CLANG_WARN_INT_CONVERSION = YES;
				CLANG_WARN__DUPLICATE_METHOD_MATCH = YES;
				CODE_SIGN_IDENTITY = "iPhone Developer";
				"CODE_SIGN_IDENTITY[sdk=iphoneos*]" = "iPhone Developer";
				COPY_PHASE_STRIP = NO;
				GCC_C_LANGUAGE_STANDARD = "compiler-default";
				GCC_PREPROCESSOR_DEFINITIONS = (
					"DEBUG=1",
					"$(inherited)",
				);
				GCC_VERSION = "";
				GCC_WARN_ABOUT_RETURN_TYPE = YES;
				GCC_WARN_UNINITIALIZED_AUTOS = YES;
				GCC_WARN_UNUSED_VARIABLE = YES;
				IPHONEOS_DEPLOYMENT_TARGET = 6.0;
				PROVISIONING_PROFILE = "";
				"PROVISIONING_PROFILE[sdk=iphoneos*]" = "";
				SDKROOT = iphoneos;
			};
			name = Debug;
		};
		29FC4932156EE0CD0007BBAD /* Release */ = {
			isa = XCBuildConfiguration;
			buildSettings = {
				ARCHS = "$(ARCHS_STANDARD_32_BIT)";
				CLANG_ENABLE_OBJC_ARC = YES;
				CLANG_WARN_CONSTANT_CONVERSION = YES;
				CLANG_WARN_ENUM_CONVERSION = YES;
				CLANG_WARN_INT_CONVERSION = YES;
				CLANG_WARN__DUPLICATE_METHOD_MATCH = YES;
				CODE_SIGN_IDENTITY = "iPhone Distribution";
				"CODE_SIGN_IDENTITY[sdk=iphoneos*]" = "iPhone Distribution";
				COPY_PHASE_STRIP = YES;
				GCC_C_LANGUAGE_STANDARD = "compiler-default";
				GCC_VERSION = "";
				GCC_WARN_ABOUT_RETURN_TYPE = YES;
				GCC_WARN_UNINITIALIZED_AUTOS = YES;
				GCC_WARN_UNUSED_VARIABLE = YES;
				IPHONEOS_DEPLOYMENT_TARGET = 6.0;
				OTHER_CFLAGS = "-DNS_BLOCK_ASSERTIONS=1";
				PROVISIONING_PROFILE = "";
				"PROVISIONING_PROFILE[sdk=iphoneos*]" = "";
				SDKROOT = iphoneos;
				VALIDATE_PRODUCT = YES;
			};
			name = Release;
		};
		29FC4934156EE0CD0007BBAD /* Debug */ = {
			isa = XCBuildConfiguration;
			baseConfigurationReference = 56511FDB4151478DBAF18458 /* Pods.xcconfig */;
			buildSettings = {
				CODE_SIGN_IDENTITY = "iPhone Developer";
				"CODE_SIGN_IDENTITY[sdk=iphoneos*]" = "iPhone Developer";
				FRAMEWORK_SEARCH_PATHS = (
					"$(inherited)",
					"\"$(SYSTEM_APPS_DIR)/Reveal.app/Contents/SharedSupport/iOS-Libraries\"",
					"\"$(SRCROOT)\"",
				);
				GCC_PRECOMPILE_PREFIX_HEADER = YES;
				GCC_PREFIX_HEADER = "Noted/Noted-Prefix.pch";
				INFOPLIST_FILE = "Noted/Noted-Info.plist";
				IPHONEOS_DEPLOYMENT_TARGET = 6.0;
				LIBRARY_SEARCH_PATHS = (
					"$(inherited)",
					"\"$(SRCROOT)\"",
				);
				PRODUCT_NAME = "$(TARGET_NAME)";
				PROVISIONING_PROFILE = "";
				"PROVISIONING_PROFILE[sdk=iphoneos*]" = "";
				WRAPPER_EXTENSION = app;
			};
			name = Debug;
		};
		29FC4935156EE0CD0007BBAD /* Release */ = {
			isa = XCBuildConfiguration;
			baseConfigurationReference = 56511FDB4151478DBAF18458 /* Pods.xcconfig */;
			buildSettings = {
				CODE_SIGN_IDENTITY = "iPhone Developer";
				"CODE_SIGN_IDENTITY[sdk=iphoneos*]" = "iPhone Developer";
				FRAMEWORK_SEARCH_PATHS = (
					"$(inherited)",
					"\"$(SYSTEM_APPS_DIR)/Reveal.app/Contents/SharedSupport/iOS-Libraries\"",
					"\"$(SRCROOT)\"",
				);
				GCC_PRECOMPILE_PREFIX_HEADER = YES;
				GCC_PREFIX_HEADER = "Noted/Noted-Prefix.pch";
				INFOPLIST_FILE = "Noted/Noted-Info.plist";
				IPHONEOS_DEPLOYMENT_TARGET = 6.0;
				LIBRARY_SEARCH_PATHS = (
					"$(inherited)",
					"\"$(SRCROOT)\"",
				);
				PRODUCT_NAME = "$(TARGET_NAME)";
				PROVISIONING_PROFILE = "";
				"PROVISIONING_PROFILE[sdk=iphoneos*]" = "";
				WRAPPER_EXTENSION = app;
			};
			name = Release;
		};
		B512B1271611191500E0E8B5 /* Ad Hoc */ = {
			isa = XCBuildConfiguration;
			buildSettings = {
				ARCHS = "$(ARCHS_STANDARD_32_BIT)";
				CLANG_ENABLE_OBJC_ARC = YES;
				CLANG_WARN_CONSTANT_CONVERSION = YES;
				CLANG_WARN_ENUM_CONVERSION = YES;
				CLANG_WARN_INT_CONVERSION = YES;
				CLANG_WARN__DUPLICATE_METHOD_MATCH = YES;
				CODE_SIGN_IDENTITY = "iPhone Distribution";
				"CODE_SIGN_IDENTITY[sdk=iphoneos*]" = "iPhone Distribution";
				COPY_PHASE_STRIP = YES;
				GCC_C_LANGUAGE_STANDARD = "compiler-default";
				GCC_VERSION = "";
				GCC_WARN_ABOUT_RETURN_TYPE = YES;
				GCC_WARN_UNINITIALIZED_AUTOS = YES;
				GCC_WARN_UNUSED_VARIABLE = YES;
				IPHONEOS_DEPLOYMENT_TARGET = 6.0;
				OTHER_CFLAGS = "-DNS_BLOCK_ASSERTIONS=1";
				PROVISIONING_PROFILE = "";
				"PROVISIONING_PROFILE[sdk=iphoneos*]" = "";
				SDKROOT = iphoneos;
				VALIDATE_PRODUCT = YES;
			};
			name = "Ad Hoc";
		};
		B512B1281611191500E0E8B5 /* Ad Hoc */ = {
			isa = XCBuildConfiguration;
			baseConfigurationReference = 56511FDB4151478DBAF18458 /* Pods.xcconfig */;
			buildSettings = {
				CODE_SIGN_IDENTITY = "iPhone Developer";
				"CODE_SIGN_IDENTITY[sdk=iphoneos*]" = "iPhone Developer";
				FRAMEWORK_SEARCH_PATHS = (
					"$(inherited)",
					"\"$(SYSTEM_APPS_DIR)/Reveal.app/Contents/SharedSupport/iOS-Libraries\"",
					"\"$(SRCROOT)\"",
				);
				GCC_PRECOMPILE_PREFIX_HEADER = YES;
				GCC_PREFIX_HEADER = "Noted/Noted-Prefix.pch";
				INFOPLIST_FILE = "Noted/Noted-Info.plist";
				IPHONEOS_DEPLOYMENT_TARGET = 6.0;
				LIBRARY_SEARCH_PATHS = (
					"$(inherited)",
					"\"$(SRCROOT)\"",
				);
				PRODUCT_NAME = "$(TARGET_NAME)";
				PROVISIONING_PROFILE = "";
				"PROVISIONING_PROFILE[sdk=iphoneos*]" = "";
				WRAPPER_EXTENSION = app;
			};
			name = "Ad Hoc";
		};
/* End XCBuildConfiguration section */

/* Begin XCConfigurationList section */
		29FC4909156EE0CD0007BBAD /* Build configuration list for PBXProject "Noted" */ = {
			isa = XCConfigurationList;
			buildConfigurations = (
				29FC4931156EE0CD0007BBAD /* Debug */,
				29FC4932156EE0CD0007BBAD /* Release */,
				B512B1271611191500E0E8B5 /* Ad Hoc */,
			);
			defaultConfigurationIsVisible = 0;
			defaultConfigurationName = Release;
		};
		29FC4933156EE0CD0007BBAD /* Build configuration list for PBXNativeTarget "Noted" */ = {
			isa = XCConfigurationList;
			buildConfigurations = (
				29FC4934156EE0CD0007BBAD /* Debug */,
				29FC4935156EE0CD0007BBAD /* Release */,
				B512B1281611191500E0E8B5 /* Ad Hoc */,
			);
			defaultConfigurationIsVisible = 0;
			defaultConfigurationName = Release;
		};
/* End XCConfigurationList section */

/* Begin XCVersionGroup section */
		3F9D3F151790BC8700EA183D /* NTDNoteMetadata.xcdatamodeld */ = {
			isa = XCVersionGroup;
			children = (
				3F9D3F161790BC8700EA183D /* NTDNoteMetadata.xcdatamodel */,
			);
			currentVersion = 3F9D3F161790BC8700EA183D /* NTDNoteMetadata.xcdatamodel */;
			path = NTDNoteMetadata.xcdatamodeld;
			sourceTree = "<group>";
			versionGroupType = wrapper.xcdatamodel;
		};
/* End XCVersionGroup section */
	};
	rootObject = 29FC4906156EE0CD0007BBAD /* Project object */;
}
